// !$*UTF8*$!
{
	archiveVersion = 1;
	classes = {
	};
	objectVersion = 50;
	objects = {

/* Begin PBXBuildFile section */
		78EFD9119368FE58EFB74F65 /* Pods_Shop.framework in Frameworks */ = {isa = PBXBuildFile; fileRef = 2D23AE9250A27589F6DCA2D9 /* Pods_Shop.framework */; };
		C1E192119E0FEB5E6C4CDE7B /* libPods-ShopTests.a in Frameworks */ = {isa = PBXBuildFile; fileRef = BA44CBA06FD174BFAED79029 /* libPods-ShopTests.a */; };
		DB03431B20F2536500C09FB9 /* ResponseCodableTest.swift in Sources */ = {isa = PBXBuildFile; fileRef = DB03431A20F2536500C09FB9 /* ResponseCodableTest.swift */; };
		DB15630B2108F74800427D7F /* AuthSB.storyboard in Resources */ = {isa = PBXBuildFile; fileRef = DB15630A2108F74800427D7F /* AuthSB.storyboard */; };
		DB1563102108FC3700427D7F /* UserDataSB.storyboard in Resources */ = {isa = PBXBuildFile; fileRef = DB15630F2108FC3700427D7F /* UserDataSB.storyboard */; };
		DB1563132108FC9700427D7F /* CatalogSB.storyboard in Resources */ = {isa = PBXBuildFile; fileRef = DB1563122108FC9700427D7F /* CatalogSB.storyboard */; };
		DB156316210A4F7400427D7F /* CatalogTableVC.swift in Sources */ = {isa = PBXBuildFile; fileRef = DB156315210A4F7400427D7F /* CatalogTableVC.swift */; };
		DB156318210A4F9000427D7F /* UserDataVC.swift in Sources */ = {isa = PBXBuildFile; fileRef = DB156317210A4F9000427D7F /* UserDataVC.swift */; };
		DB15631A210A4FD600427D7F /* TabBarVC.swift in Sources */ = {isa = PBXBuildFile; fileRef = DB156319210A4FD600427D7F /* TabBarVC.swift */; };
		DB15631C210A54D200427D7F /* AuthViewModel.swift in Sources */ = {isa = PBXBuildFile; fileRef = DB15631B210A54D200427D7F /* AuthViewModel.swift */; };
		DB156320210A636F00427D7F /* StoreSB.storyboard in Resources */ = {isa = PBXBuildFile; fileRef = DB15631F210A636F00427D7F /* StoreSB.storyboard */; };
		DB156322210A650000427D7F /* CatalogViewModel.swift in Sources */ = {isa = PBXBuildFile; fileRef = DB156321210A650000427D7F /* CatalogViewModel.swift */; };
		DB156326210A6BDE00427D7F /* GoodCell.swift in Sources */ = {isa = PBXBuildFile; fileRef = DB156325210A6BDE00427D7F /* GoodCell.swift */; };
		DB156328210A73C800427D7F /* UserDataViewModel.swift in Sources */ = {isa = PBXBuildFile; fileRef = DB156327210A73C800427D7F /* UserDataViewModel.swift */; };
		DB15632A210A73FB00427D7F /* EditUserDataVC.swift in Sources */ = {isa = PBXBuildFile; fileRef = DB156329210A73FB00427D7F /* EditUserDataVC.swift */; };
		DB15632C210A740800427D7F /* EditUserDataViewModel.swift in Sources */ = {isa = PBXBuildFile; fileRef = DB15632B210A740800427D7F /* EditUserDataViewModel.swift */; };
		DB15632E210A74FB00427D7F /* RegisterVC.swift in Sources */ = {isa = PBXBuildFile; fileRef = DB15632D210A74FB00427D7F /* RegisterVC.swift */; };
		DB156330210A750700427D7F /* RegisterViewModel.swift in Sources */ = {isa = PBXBuildFile; fileRef = DB15632F210A750700427D7F /* RegisterViewModel.swift */; };
		DB156332210DF57B00427D7F /* AppCoordinator.swift in Sources */ = {isa = PBXBuildFile; fileRef = DB156331210DF57B00427D7F /* AppCoordinator.swift */; };
		DB156336210E112700427D7F /* LinkingOptions.swift in Sources */ = {isa = PBXBuildFile; fileRef = DB156335210E112700427D7F /* LinkingOptions.swift */; };
		DB156338210E138F00427D7F /* CoordinatorFactory.swift in Sources */ = {isa = PBXBuildFile; fileRef = DB156337210E138F00427D7F /* CoordinatorFactory.swift */; };
		DB15633B210E145000427D7F /* Coordinator.swift in Sources */ = {isa = PBXBuildFile; fileRef = DB15633A210E145000427D7F /* Coordinator.swift */; };
		DB15633D210E177700427D7F /* BaseView.swift in Sources */ = {isa = PBXBuildFile; fileRef = DB15633C210E177700427D7F /* BaseView.swift */; };
		DB15633F210E178300427D7F /* Presentable.swift in Sources */ = {isa = PBXBuildFile; fileRef = DB15633E210E178300427D7F /* Presentable.swift */; };
		DB156342210E184A00427D7F /* AuthCoordinator.swift in Sources */ = {isa = PBXBuildFile; fileRef = DB156341210E184A00427D7F /* AuthCoordinator.swift */; };
		DB156344210E186100427D7F /* AuthCoordinatorOutput.swift in Sources */ = {isa = PBXBuildFile; fileRef = DB156343210E186100427D7F /* AuthCoordinatorOutput.swift */; };
		DB156347210E1A6600427D7F /* Router.swift in Sources */ = {isa = PBXBuildFile; fileRef = DB156346210E1A6600427D7F /* Router.swift */; };
		DB156349210E1A7F00427D7F /* RouterImp.swift in Sources */ = {isa = PBXBuildFile; fileRef = DB156348210E1A7F00427D7F /* RouterImp.swift */; };
		DB15634C210E1BD300427D7F /* CatalogController.swift in Sources */ = {isa = PBXBuildFile; fileRef = DB15634B210E1BD300427D7F /* CatalogController.swift */; };
		DB15634F210E1BF500427D7F /* SettingsView.swift in Sources */ = {isa = PBXBuildFile; fileRef = DB15634E210E1BF500427D7F /* SettingsView.swift */; };
		DB156352210E1C8400427D7F /* AuthModuleFactory.swift in Sources */ = {isa = PBXBuildFile; fileRef = DB156351210E1C8400427D7F /* AuthModuleFactory.swift */; };
		DB156354210E1C9500427D7F /* SettingsModuleFactory.swift in Sources */ = {isa = PBXBuildFile; fileRef = DB156353210E1C9500427D7F /* SettingsModuleFactory.swift */; };
		DB156356210E1CAA00427D7F /* CatalogModuleFactory.swift in Sources */ = {isa = PBXBuildFile; fileRef = DB156355210E1CAA00427D7F /* CatalogModuleFactory.swift */; };
		DB156358210E210F00427D7F /* AuthView.swift in Sources */ = {isa = PBXBuildFile; fileRef = DB156357210E210F00427D7F /* AuthView.swift */; };
		DB15635A210E211D00427D7F /* RegisterView.swift in Sources */ = {isa = PBXBuildFile; fileRef = DB156359210E211D00427D7F /* RegisterView.swift */; };
		DB15635C210E266B00427D7F /* CatalogView.swift in Sources */ = {isa = PBXBuildFile; fileRef = DB15635B210E266B00427D7F /* CatalogView.swift */; };
		DB15635E210E308400427D7F /* ModuleFactoryImp.swift in Sources */ = {isa = PBXBuildFile; fileRef = DB15635D210E308400427D7F /* ModuleFactoryImp.swift */; };
		DB156360210E3ECD00427D7F /* StoryBoardsEnum.swift in Sources */ = {isa = PBXBuildFile; fileRef = DB15635F210E3ECD00427D7F /* StoryBoardsEnum.swift */; };
		DB156364210E3F7C00427D7F /* UIViewControllerExtensions.swift in Sources */ = {isa = PBXBuildFile; fileRef = DB156363210E3F7C00427D7F /* UIViewControllerExtensions.swift */; };
		DB156366210E3FB900427D7F /* NSObjectExtension.swift in Sources */ = {isa = PBXBuildFile; fileRef = DB156365210E3FB900427D7F /* NSObjectExtension.swift */; };
		DB156368210E40B800427D7F /* BaseCoordinator.swift in Sources */ = {isa = PBXBuildFile; fileRef = DB156367210E40B800427D7F /* BaseCoordinator.swift */; };
		DB15636B210E427700427D7F /* CoordinatorFactoryImp.swift in Sources */ = {isa = PBXBuildFile; fileRef = DB15636A210E427700427D7F /* CoordinatorFactoryImp.swift */; };
		DB15636E210E46C500427D7F /* TabBarCoodnator.swift in Sources */ = {isa = PBXBuildFile; fileRef = DB15636D210E46C500427D7F /* TabBarCoodnator.swift */; };
		DB156370210E471A00427D7F /* TabBarView.swift in Sources */ = {isa = PBXBuildFile; fileRef = DB15636F210E471A00427D7F /* TabBarView.swift */; };
		DB156372210E475800427D7F /* SettingsCoordinator.swift in Sources */ = {isa = PBXBuildFile; fileRef = DB156371210E475800427D7F /* SettingsCoordinator.swift */; };
		DB156375210F7F5F00427D7F /* MainSB.storyboard in Resources */ = {isa = PBXBuildFile; fileRef = DB156374210F7F5F00427D7F /* MainSB.storyboard */; };
		DB15637B2110096800427D7F /* DetaiItemView.swift in Sources */ = {isa = PBXBuildFile; fileRef = DB15637A2110096800427D7F /* DetaiItemView.swift */; };
		DB15637D2110102600427D7F /* DetailItemVC.swift in Sources */ = {isa = PBXBuildFile; fileRef = DB15637C2110102600427D7F /* DetailItemVC.swift */; };
		DB3E3E7D20FCF3DA0063697F /* BasketRequestFactory.swift in Sources */ = {isa = PBXBuildFile; fileRef = DB3E3E7C20FCF3DA0063697F /* BasketRequestFactory.swift */; };
		DB3E3E7F20FCF3EA0063697F /* BasketService.swift in Sources */ = {isa = PBXBuildFile; fileRef = DB3E3E7E20FCF3EA0063697F /* BasketService.swift */; };
		DB3E3E8120FCF3F50063697F /* BasketRouters.swift in Sources */ = {isa = PBXBuildFile; fileRef = DB3E3E8020FCF3F50063697F /* BasketRouters.swift */; };
		DB3E3E8720FD0E2F0063697F /* AddReviewResult.swift in Sources */ = {isa = PBXBuildFile; fileRef = DB3E3E8620FD0E2F0063697F /* AddReviewResult.swift */; };
		DB3E3E8A20FD0E570063697F /* ApproveReviewResult.swift in Sources */ = {isa = PBXBuildFile; fileRef = DB3E3E8920FD0E570063697F /* ApproveReviewResult.swift */; };
		DB3E3E8C20FD0E620063697F /* RemoveReviewResult.swift in Sources */ = {isa = PBXBuildFile; fileRef = DB3E3E8B20FD0E620063697F /* RemoveReviewResult.swift */; };
		DB3E3E8E20FD0E8E0063697F /* AddToBasketResult.swift in Sources */ = {isa = PBXBuildFile; fileRef = DB3E3E8D20FD0E8E0063697F /* AddToBasketResult.swift */; };
		DB3E3E9020FD0E9A0063697F /* RemoveFromBasketResult.swift in Sources */ = {isa = PBXBuildFile; fileRef = DB3E3E8F20FD0E9A0063697F /* RemoveFromBasketResult.swift */; };
		DB3E3E9220FD0EA70063697F /* GetContentsResult.swift in Sources */ = {isa = PBXBuildFile; fileRef = DB3E3E9120FD0EA70063697F /* GetContentsResult.swift */; };
		DB473A2920F2A841006A3829 /* loginStub.json in Resources */ = {isa = PBXBuildFile; fileRef = DB473A2820F2A838006A3829 /* loginStub.json */; };
		DB4BFAAA20F13F9700298E68 /* AuthRequestsFactory.swift in Sources */ = {isa = PBXBuildFile; fileRef = DB4BFAA920F13F9700298E68 /* AuthRequestsFactory.swift */; };
		DB4BFAAC20F1420600298E68 /* AuthService.swift in Sources */ = {isa = PBXBuildFile; fileRef = DB4BFAAB20F1420600298E68 /* AuthService.swift */; };
		DB4BFAB520F1EA9600298E68 /* UserDataRequestsFactory.swift in Sources */ = {isa = PBXBuildFile; fileRef = DB4BFAB420F1EA9600298E68 /* UserDataRequestsFactory.swift */; };
		DB4BFAB920F1EAD600298E68 /* UserDataService.swift in Sources */ = {isa = PBXBuildFile; fileRef = DB4BFAB820F1EAD600298E68 /* UserDataService.swift */; };
		DB4BFAD220F2400400298E68 /* ChangeUserDataResult.swift in Sources */ = {isa = PBXBuildFile; fileRef = DB4BFAD120F2400400298E68 /* ChangeUserDataResult.swift */; };
		DB4BFAD420F2401500298E68 /* RegisterResult.swift in Sources */ = {isa = PBXBuildFile; fileRef = DB4BFAD320F2401500298E68 /* RegisterResult.swift */; };
		DB4BFAD620F2404000298E68 /* LogOutResult.swift in Sources */ = {isa = PBXBuildFile; fileRef = DB4BFAD520F2404000298E68 /* LogOutResult.swift */; };
		DB4BFADA20F2432A00298E68 /* UserInfo.swift in Sources */ = {isa = PBXBuildFile; fileRef = DB4BFAD920F2432A00298E68 /* UserInfo.swift */; };
		DB547ABC20F12F1C00112CBE /* RequestRouter.swift in Sources */ = {isa = PBXBuildFile; fileRef = DB547ABB20F12F1C00112CBE /* RequestRouter.swift */; };
		DB547ABE20F1320C00112CBE /* GenericRequest.swift in Sources */ = {isa = PBXBuildFile; fileRef = DB547ABD20F1320C00112CBE /* GenericRequest.swift */; };
		DB547AC120F1394600112CBE /* LoginResult.swift in Sources */ = {isa = PBXBuildFile; fileRef = DB547AC020F1394600112CBE /* LoginResult.swift */; };
		DB547AC320F1394E00112CBE /* User.swift in Sources */ = {isa = PBXBuildFile; fileRef = DB547AC220F1394E00112CBE /* User.swift */; };
		DB5EB4AF20F3DA8D0044543B /* AuthRouters.swift in Sources */ = {isa = PBXBuildFile; fileRef = DB5EB4AE20F3DA8D0044543B /* AuthRouters.swift */; };
		DB5EB4B220F3DC640044543B /* CatalogRequestsFactory.swift in Sources */ = {isa = PBXBuildFile; fileRef = DB5EB4B120F3DC640044543B /* CatalogRequestsFactory.swift */; };
		DB5EB4B420F3DC7C0044543B /* CatalogService.swift in Sources */ = {isa = PBXBuildFile; fileRef = DB5EB4B320F3DC7C0044543B /* CatalogService.swift */; };
		DB5EB4B620F3DC8E0044543B /* CatalogRouters.swift in Sources */ = {isa = PBXBuildFile; fileRef = DB5EB4B520F3DC8E0044543B /* CatalogRouters.swift */; };
		DB5EB4B820F3E0FA0044543B /* UserDataRouters.swift in Sources */ = {isa = PBXBuildFile; fileRef = DB5EB4B720F3E0FA0044543B /* UserDataRouters.swift */; };
		DB5EB4BA20F44EC30044543B /* GoodOnPageResult.swift in Sources */ = {isa = PBXBuildFile; fileRef = DB5EB4B920F44EC30044543B /* GoodOnPageResult.swift */; };
		DB5EB4BF20F4540B0044543B /* GoodsOnPage.json in Resources */ = {isa = PBXBuildFile; fileRef = DB5EB4BE20F4540B0044543B /* GoodsOnPage.json */; };
		DB5EB4C320F45DA60044543B /* UserDataTest.swift in Sources */ = {isa = PBXBuildFile; fileRef = DB5EB4C220F45DA60044543B /* UserDataTest.swift */; };
		DB5EB4C520F463950044543B /* CatalogTest.swift in Sources */ = {isa = PBXBuildFile; fileRef = DB5EB4C420F463950044543B /* CatalogTest.swift */; };
		DB5EB4C720F4648E0044543B /* SimpleResult.json in Resources */ = {isa = PBXBuildFile; fileRef = DB5EB4C620F4648E0044543B /* SimpleResult.json */; };
		DB80981820F2990D00F96EAE /* ErrorStub.swift in Sources */ = {isa = PBXBuildFile; fileRef = DB80981720F2990D00F96EAE /* ErrorStub.swift */; };
		DB80981920F2996800F96EAE /* GBShopServicesFactory.swift in Sources */ = {isa = PBXBuildFile; fileRef = DB4BFACB20F2364100298E68 /* GBShopServicesFactory.swift */; };
		DB80981A20F2999600F96EAE /* GBServicesFactoryMock.swift in Sources */ = {isa = PBXBuildFile; fileRef = DB77ED9720F2989800D07ADF /* GBServicesFactoryMock.swift */; };
		DB80981C20F29B0500F96EAE /* AuthTest.swift in Sources */ = {isa = PBXBuildFile; fileRef = DB80981B20F29B0500F96EAE /* AuthTest.swift */; };
		DBA18DED2112FEA2004C4547 /* Alert.swift in Sources */ = {isa = PBXBuildFile; fileRef = DBA18DEC2112FEA2004C4547 /* Alert.swift */; };
		DBB3F93A20FFCA400062F41C /* BasketTests.swift in Sources */ = {isa = PBXBuildFile; fileRef = DBB3F93920FFCA400062F41C /* BasketTests.swift */; };
		DBB3F93C210114B60062F41C /* BaseServiceTest.swift in Sources */ = {isa = PBXBuildFile; fileRef = DBB3F93B210114B60062F41C /* BaseServiceTest.swift */; };
		DBB3F93E21011F0B0062F41C /* addReview.json in Resources */ = {isa = PBXBuildFile; fileRef = DBB3F93D21011F0B0062F41C /* addReview.json */; };
		DBB3F94021011F270062F41C /* addToBasket.json in Resources */ = {isa = PBXBuildFile; fileRef = DBB3F93F21011F270062F41C /* addToBasket.json */; };
		DBB3F94221011F420062F41C /* approveReview.json in Resources */ = {isa = PBXBuildFile; fileRef = DBB3F94121011F420062F41C /* approveReview.json */; };
		DBB3F94421011F620062F41C /* catalogData.json in Resources */ = {isa = PBXBuildFile; fileRef = DBB3F94321011F620062F41C /* catalogData.json */; };
		DBB3F94621011F7A0062F41C /* changeUserData.json in Resources */ = {isa = PBXBuildFile; fileRef = DBB3F94521011F7A0062F41C /* changeUserData.json */; };
		DBB3F94821011F920062F41C /* deleteFromBasket.json in Resources */ = {isa = PBXBuildFile; fileRef = DBB3F94721011F920062F41C /* deleteFromBasket.json */; };
		DBB3F94A21011FA60062F41C /* getBasket.json in Resources */ = {isa = PBXBuildFile; fileRef = DBB3F94921011FA60062F41C /* getBasket.json */; };
		DBB3F94C21011FBE0062F41C /* getGoodById.json in Resources */ = {isa = PBXBuildFile; fileRef = DBB3F94B21011FBE0062F41C /* getGoodById.json */; };
		DBB3F94E21011FE40062F41C /* logout.json in Resources */ = {isa = PBXBuildFile; fileRef = DBB3F94D21011FE40062F41C /* logout.json */; };
		DBB3F95021011FF50062F41C /* registerUser.json in Resources */ = {isa = PBXBuildFile; fileRef = DBB3F94F21011FF50062F41C /* registerUser.json */; };
		DBB3F952210120090062F41C /* removeReview.json in Resources */ = {isa = PBXBuildFile; fileRef = DBB3F951210120090062F41C /* removeReview.json */; };
		DBB3F959210386190062F41C /* AuthVC.swift in Sources */ = {isa = PBXBuildFile; fileRef = DBB3F958210386190062F41C /* AuthVC.swift */; };
		DBB5EA7B20EABEBC004A8D6B /* AppDelegate.swift in Sources */ = {isa = PBXBuildFile; fileRef = DBB5EA7A20EABEBC004A8D6B /* AppDelegate.swift */; };
		DBB5EA8220EABEBD004A8D6B /* Assets.xcassets in Resources */ = {isa = PBXBuildFile; fileRef = DBB5EA8120EABEBD004A8D6B /* Assets.xcassets */; };
		DBB5EA8520EABEBD004A8D6B /* LaunchScreen.storyboard in Resources */ = {isa = PBXBuildFile; fileRef = DBB5EA8320EABEBD004A8D6B /* LaunchScreen.storyboard */; };
		DBB5EA9B20EABEBE004A8D6B /* ShopUITests.swift in Sources */ = {isa = PBXBuildFile; fileRef = DBB5EA9A20EABEBE004A8D6B /* ShopUITests.swift */; };
		DBCBEDBC20EEA26600C7AC1D /* AbstractErrorParser.swift in Sources */ = {isa = PBXBuildFile; fileRef = DBCBEDBB20EEA26600C7AC1D /* AbstractErrorParser.swift */; };
		DBCBEDBE20EEA32100C7AC1D /* ErrorParser.swift in Sources */ = {isa = PBXBuildFile; fileRef = DBCBEDBD20EEA32100C7AC1D /* ErrorParser.swift */; };
		DBCBEDC020EEA52900C7AC1D /* ResponseDecodable.swift in Sources */ = {isa = PBXBuildFile; fileRef = DBCBEDBF20EEA52900C7AC1D /* ResponseDecodable.swift */; };
		DBF55E5320F681BC0049DDFC /* GBShopSessionNamager.swift in Sources */ = {isa = PBXBuildFile; fileRef = DBF55E5220F681BC0049DDFC /* GBShopSessionNamager.swift */; };
		DBF55E5520F7CF220049DDFC /* GetGoodResult.swift in Sources */ = {isa = PBXBuildFile; fileRef = DBF55E5420F7CF220049DDFC /* GetGoodResult.swift */; };
/* End PBXBuildFile section */

/* Begin PBXContainerItemProxy section */
		DBB5EA8C20EABEBE004A8D6B /* PBXContainerItemProxy */ = {
			isa = PBXContainerItemProxy;
			containerPortal = DBB5EA6F20EABEBC004A8D6B /* Project object */;
			proxyType = 1;
			remoteGlobalIDString = DBB5EA7620EABEBC004A8D6B;
			remoteInfo = Shop;
		};
		DBB5EA9720EABEBE004A8D6B /* PBXContainerItemProxy */ = {
			isa = PBXContainerItemProxy;
			containerPortal = DBB5EA6F20EABEBC004A8D6B /* Project object */;
			proxyType = 1;
			remoteGlobalIDString = DBB5EA7620EABEBC004A8D6B;
			remoteInfo = Shop;
		};
/* End PBXContainerItemProxy section */

/* Begin PBXFileReference section */
		2D23AE9250A27589F6DCA2D9 /* Pods_Shop.framework */ = {isa = PBXFileReference; explicitFileType = wrapper.framework; includeInIndex = 0; path = Pods_Shop.framework; sourceTree = BUILT_PRODUCTS_DIR; };
		651B3BB52294C6FA595CC9F6 /* Pods-ShopTests.release.xcconfig */ = {isa = PBXFileReference; includeInIndex = 1; lastKnownFileType = text.xcconfig; name = "Pods-ShopTests.release.xcconfig"; path = "Pods/Target Support Files/Pods-ShopTests/Pods-ShopTests.release.xcconfig"; sourceTree = "<group>"; };
		7C06828ABCF1025DD5FC5ECF /* Pods-ShopTests.debug.xcconfig */ = {isa = PBXFileReference; includeInIndex = 1; lastKnownFileType = text.xcconfig; name = "Pods-ShopTests.debug.xcconfig"; path = "Pods/Target Support Files/Pods-ShopTests/Pods-ShopTests.debug.xcconfig"; sourceTree = "<group>"; };
		A61B9E90C9125F7C74D00C6E /* Pods-Shop.debug.xcconfig */ = {isa = PBXFileReference; includeInIndex = 1; lastKnownFileType = text.xcconfig; name = "Pods-Shop.debug.xcconfig"; path = "Pods/Target Support Files/Pods-Shop/Pods-Shop.debug.xcconfig"; sourceTree = "<group>"; };
		BA44CBA06FD174BFAED79029 /* libPods-ShopTests.a */ = {isa = PBXFileReference; explicitFileType = archive.ar; includeInIndex = 0; path = "libPods-ShopTests.a"; sourceTree = BUILT_PRODUCTS_DIR; };
		C87AA9400B470487517FD3FA /* Pods-Shop.release.xcconfig */ = {isa = PBXFileReference; includeInIndex = 1; lastKnownFileType = text.xcconfig; name = "Pods-Shop.release.xcconfig"; path = "Pods/Target Support Files/Pods-Shop/Pods-Shop.release.xcconfig"; sourceTree = "<group>"; };
		DB03431A20F2536500C09FB9 /* ResponseCodableTest.swift */ = {isa = PBXFileReference; lastKnownFileType = sourcecode.swift; path = ResponseCodableTest.swift; sourceTree = "<group>"; };
		DB15630A2108F74800427D7F /* AuthSB.storyboard */ = {isa = PBXFileReference; lastKnownFileType = file.storyboard; path = AuthSB.storyboard; sourceTree = "<group>"; };
		DB15630F2108FC3700427D7F /* UserDataSB.storyboard */ = {isa = PBXFileReference; lastKnownFileType = file.storyboard; path = UserDataSB.storyboard; sourceTree = "<group>"; };
		DB1563122108FC9700427D7F /* CatalogSB.storyboard */ = {isa = PBXFileReference; lastKnownFileType = file.storyboard; path = CatalogSB.storyboard; sourceTree = "<group>"; };
		DB156315210A4F7400427D7F /* CatalogTableVC.swift */ = {isa = PBXFileReference; lastKnownFileType = sourcecode.swift; path = CatalogTableVC.swift; sourceTree = "<group>"; };
		DB156317210A4F9000427D7F /* UserDataVC.swift */ = {isa = PBXFileReference; lastKnownFileType = sourcecode.swift; path = UserDataVC.swift; sourceTree = "<group>"; };
		DB156319210A4FD600427D7F /* TabBarVC.swift */ = {isa = PBXFileReference; lastKnownFileType = sourcecode.swift; path = TabBarVC.swift; sourceTree = "<group>"; };
		DB15631B210A54D200427D7F /* AuthViewModel.swift */ = {isa = PBXFileReference; lastKnownFileType = sourcecode.swift; path = AuthViewModel.swift; sourceTree = "<group>"; };
		DB15631F210A636F00427D7F /* StoreSB.storyboard */ = {isa = PBXFileReference; lastKnownFileType = file.storyboard; path = StoreSB.storyboard; sourceTree = "<group>"; };
		DB156321210A650000427D7F /* CatalogViewModel.swift */ = {isa = PBXFileReference; lastKnownFileType = sourcecode.swift; path = CatalogViewModel.swift; sourceTree = "<group>"; };
		DB156325210A6BDE00427D7F /* GoodCell.swift */ = {isa = PBXFileReference; lastKnownFileType = sourcecode.swift; path = GoodCell.swift; sourceTree = "<group>"; };
		DB156327210A73C800427D7F /* UserDataViewModel.swift */ = {isa = PBXFileReference; lastKnownFileType = sourcecode.swift; path = UserDataViewModel.swift; sourceTree = "<group>"; };
		DB156329210A73FB00427D7F /* EditUserDataVC.swift */ = {isa = PBXFileReference; lastKnownFileType = sourcecode.swift; path = EditUserDataVC.swift; sourceTree = "<group>"; };
		DB15632B210A740800427D7F /* EditUserDataViewModel.swift */ = {isa = PBXFileReference; lastKnownFileType = sourcecode.swift; path = EditUserDataViewModel.swift; sourceTree = "<group>"; };
		DB15632D210A74FB00427D7F /* RegisterVC.swift */ = {isa = PBXFileReference; lastKnownFileType = sourcecode.swift; path = RegisterVC.swift; sourceTree = "<group>"; };
		DB15632F210A750700427D7F /* RegisterViewModel.swift */ = {isa = PBXFileReference; lastKnownFileType = sourcecode.swift; path = RegisterViewModel.swift; sourceTree = "<group>"; };
		DB156331210DF57B00427D7F /* AppCoordinator.swift */ = {isa = PBXFileReference; lastKnownFileType = sourcecode.swift; path = AppCoordinator.swift; sourceTree = "<group>"; };
		DB156335210E112700427D7F /* LinkingOptions.swift */ = {isa = PBXFileReference; lastKnownFileType = sourcecode.swift; path = LinkingOptions.swift; sourceTree = "<group>"; };
		DB156337210E138F00427D7F /* CoordinatorFactory.swift */ = {isa = PBXFileReference; lastKnownFileType = sourcecode.swift; path = CoordinatorFactory.swift; sourceTree = "<group>"; };
		DB15633A210E145000427D7F /* Coordinator.swift */ = {isa = PBXFileReference; lastKnownFileType = sourcecode.swift; path = Coordinator.swift; sourceTree = "<group>"; };
		DB15633C210E177700427D7F /* BaseView.swift */ = {isa = PBXFileReference; lastKnownFileType = sourcecode.swift; path = BaseView.swift; sourceTree = "<group>"; };
		DB15633E210E178300427D7F /* Presentable.swift */ = {isa = PBXFileReference; lastKnownFileType = sourcecode.swift; path = Presentable.swift; sourceTree = "<group>"; };
		DB156341210E184A00427D7F /* AuthCoordinator.swift */ = {isa = PBXFileReference; lastKnownFileType = sourcecode.swift; path = AuthCoordinator.swift; sourceTree = "<group>"; };
		DB156343210E186100427D7F /* AuthCoordinatorOutput.swift */ = {isa = PBXFileReference; lastKnownFileType = sourcecode.swift; path = AuthCoordinatorOutput.swift; sourceTree = "<group>"; };
		DB156346210E1A6600427D7F /* Router.swift */ = {isa = PBXFileReference; lastKnownFileType = sourcecode.swift; path = Router.swift; sourceTree = "<group>"; };
		DB156348210E1A7F00427D7F /* RouterImp.swift */ = {isa = PBXFileReference; lastKnownFileType = sourcecode.swift; path = RouterImp.swift; sourceTree = "<group>"; };
		DB15634B210E1BD300427D7F /* CatalogController.swift */ = {isa = PBXFileReference; lastKnownFileType = sourcecode.swift; path = CatalogController.swift; sourceTree = "<group>"; };
		DB15634E210E1BF500427D7F /* SettingsView.swift */ = {isa = PBXFileReference; lastKnownFileType = sourcecode.swift; path = SettingsView.swift; sourceTree = "<group>"; };
		DB156351210E1C8400427D7F /* AuthModuleFactory.swift */ = {isa = PBXFileReference; lastKnownFileType = sourcecode.swift; path = AuthModuleFactory.swift; sourceTree = "<group>"; };
		DB156353210E1C9500427D7F /* SettingsModuleFactory.swift */ = {isa = PBXFileReference; lastKnownFileType = sourcecode.swift; path = SettingsModuleFactory.swift; sourceTree = "<group>"; };
		DB156355210E1CAA00427D7F /* CatalogModuleFactory.swift */ = {isa = PBXFileReference; lastKnownFileType = sourcecode.swift; path = CatalogModuleFactory.swift; sourceTree = "<group>"; };
		DB156357210E210F00427D7F /* AuthView.swift */ = {isa = PBXFileReference; lastKnownFileType = sourcecode.swift; path = AuthView.swift; sourceTree = "<group>"; };
		DB156359210E211D00427D7F /* RegisterView.swift */ = {isa = PBXFileReference; lastKnownFileType = sourcecode.swift; path = RegisterView.swift; sourceTree = "<group>"; };
		DB15635B210E266B00427D7F /* CatalogView.swift */ = {isa = PBXFileReference; lastKnownFileType = sourcecode.swift; path = CatalogView.swift; sourceTree = "<group>"; };
		DB15635D210E308400427D7F /* ModuleFactoryImp.swift */ = {isa = PBXFileReference; lastKnownFileType = sourcecode.swift; path = ModuleFactoryImp.swift; sourceTree = "<group>"; };
		DB15635F210E3ECD00427D7F /* StoryBoardsEnum.swift */ = {isa = PBXFileReference; lastKnownFileType = sourcecode.swift; path = StoryBoardsEnum.swift; sourceTree = "<group>"; };
		DB156363210E3F7C00427D7F /* UIViewControllerExtensions.swift */ = {isa = PBXFileReference; lastKnownFileType = sourcecode.swift; path = UIViewControllerExtensions.swift; sourceTree = "<group>"; };
		DB156365210E3FB900427D7F /* NSObjectExtension.swift */ = {isa = PBXFileReference; lastKnownFileType = sourcecode.swift; path = NSObjectExtension.swift; sourceTree = "<group>"; };
		DB156367210E40B800427D7F /* BaseCoordinator.swift */ = {isa = PBXFileReference; lastKnownFileType = sourcecode.swift; path = BaseCoordinator.swift; sourceTree = "<group>"; };
		DB15636A210E427700427D7F /* CoordinatorFactoryImp.swift */ = {isa = PBXFileReference; lastKnownFileType = sourcecode.swift; path = CoordinatorFactoryImp.swift; sourceTree = "<group>"; };
		DB15636D210E46C500427D7F /* TabBarCoodnator.swift */ = {isa = PBXFileReference; lastKnownFileType = sourcecode.swift; path = TabBarCoodnator.swift; sourceTree = "<group>"; };
		DB15636F210E471A00427D7F /* TabBarView.swift */ = {isa = PBXFileReference; lastKnownFileType = sourcecode.swift; path = TabBarView.swift; sourceTree = "<group>"; };
		DB156371210E475800427D7F /* SettingsCoordinator.swift */ = {isa = PBXFileReference; lastKnownFileType = sourcecode.swift; path = SettingsCoordinator.swift; sourceTree = "<group>"; };
		DB156374210F7F5F00427D7F /* MainSB.storyboard */ = {isa = PBXFileReference; lastKnownFileType = file.storyboard; path = MainSB.storyboard; sourceTree = "<group>"; };
		DB15637A2110096800427D7F /* DetaiItemView.swift */ = {isa = PBXFileReference; lastKnownFileType = sourcecode.swift; path = DetaiItemView.swift; sourceTree = "<group>"; };
		DB15637C2110102600427D7F /* DetailItemVC.swift */ = {isa = PBXFileReference; lastKnownFileType = sourcecode.swift; path = DetailItemVC.swift; sourceTree = "<group>"; };
		DB3E3E7C20FCF3DA0063697F /* BasketRequestFactory.swift */ = {isa = PBXFileReference; lastKnownFileType = sourcecode.swift; path = BasketRequestFactory.swift; sourceTree = "<group>"; };
		DB3E3E7E20FCF3EA0063697F /* BasketService.swift */ = {isa = PBXFileReference; lastKnownFileType = sourcecode.swift; path = BasketService.swift; sourceTree = "<group>"; };
		DB3E3E8020FCF3F50063697F /* BasketRouters.swift */ = {isa = PBXFileReference; lastKnownFileType = sourcecode.swift; path = BasketRouters.swift; sourceTree = "<group>"; };
		DB3E3E8620FD0E2F0063697F /* AddReviewResult.swift */ = {isa = PBXFileReference; lastKnownFileType = sourcecode.swift; path = AddReviewResult.swift; sourceTree = "<group>"; };
		DB3E3E8920FD0E570063697F /* ApproveReviewResult.swift */ = {isa = PBXFileReference; lastKnownFileType = sourcecode.swift; path = ApproveReviewResult.swift; sourceTree = "<group>"; };
		DB3E3E8B20FD0E620063697F /* RemoveReviewResult.swift */ = {isa = PBXFileReference; lastKnownFileType = sourcecode.swift; path = RemoveReviewResult.swift; sourceTree = "<group>"; };
		DB3E3E8D20FD0E8E0063697F /* AddToBasketResult.swift */ = {isa = PBXFileReference; lastKnownFileType = sourcecode.swift; path = AddToBasketResult.swift; sourceTree = "<group>"; };
		DB3E3E8F20FD0E9A0063697F /* RemoveFromBasketResult.swift */ = {isa = PBXFileReference; lastKnownFileType = sourcecode.swift; path = RemoveFromBasketResult.swift; sourceTree = "<group>"; };
		DB3E3E9120FD0EA70063697F /* GetContentsResult.swift */ = {isa = PBXFileReference; lastKnownFileType = sourcecode.swift; path = GetContentsResult.swift; sourceTree = "<group>"; };
		DB473A2820F2A838006A3829 /* loginStub.json */ = {isa = PBXFileReference; lastKnownFileType = text.json; path = loginStub.json; sourceTree = "<group>"; };
		DB4BFAA920F13F9700298E68 /* AuthRequestsFactory.swift */ = {isa = PBXFileReference; lastKnownFileType = sourcecode.swift; path = AuthRequestsFactory.swift; sourceTree = "<group>"; };
		DB4BFAAB20F1420600298E68 /* AuthService.swift */ = {isa = PBXFileReference; lastKnownFileType = sourcecode.swift; path = AuthService.swift; sourceTree = "<group>"; };
		DB4BFAB420F1EA9600298E68 /* UserDataRequestsFactory.swift */ = {isa = PBXFileReference; lastKnownFileType = sourcecode.swift; path = UserDataRequestsFactory.swift; sourceTree = "<group>"; };
		DB4BFAB820F1EAD600298E68 /* UserDataService.swift */ = {isa = PBXFileReference; lastKnownFileType = sourcecode.swift; path = UserDataService.swift; sourceTree = "<group>"; };
		DB4BFACB20F2364100298E68 /* GBShopServicesFactory.swift */ = {isa = PBXFileReference; lastKnownFileType = sourcecode.swift; path = GBShopServicesFactory.swift; sourceTree = "<group>"; };
		DB4BFAD120F2400400298E68 /* ChangeUserDataResult.swift */ = {isa = PBXFileReference; lastKnownFileType = sourcecode.swift; path = ChangeUserDataResult.swift; sourceTree = "<group>"; };
		DB4BFAD320F2401500298E68 /* RegisterResult.swift */ = {isa = PBXFileReference; lastKnownFileType = sourcecode.swift; path = RegisterResult.swift; sourceTree = "<group>"; };
		DB4BFAD520F2404000298E68 /* LogOutResult.swift */ = {isa = PBXFileReference; lastKnownFileType = sourcecode.swift; path = LogOutResult.swift; sourceTree = "<group>"; };
		DB4BFAD920F2432A00298E68 /* UserInfo.swift */ = {isa = PBXFileReference; lastKnownFileType = sourcecode.swift; path = UserInfo.swift; sourceTree = "<group>"; };
		DB547ABB20F12F1C00112CBE /* RequestRouter.swift */ = {isa = PBXFileReference; lastKnownFileType = sourcecode.swift; path = RequestRouter.swift; sourceTree = "<group>"; };
		DB547ABD20F1320C00112CBE /* GenericRequest.swift */ = {isa = PBXFileReference; lastKnownFileType = sourcecode.swift; path = GenericRequest.swift; sourceTree = "<group>"; };
		DB547AC020F1394600112CBE /* LoginResult.swift */ = {isa = PBXFileReference; lastKnownFileType = sourcecode.swift; path = LoginResult.swift; sourceTree = "<group>"; };
		DB547AC220F1394E00112CBE /* User.swift */ = {isa = PBXFileReference; lastKnownFileType = sourcecode.swift; path = User.swift; sourceTree = "<group>"; };
		DB5EB4AE20F3DA8D0044543B /* AuthRouters.swift */ = {isa = PBXFileReference; lastKnownFileType = sourcecode.swift; path = AuthRouters.swift; sourceTree = "<group>"; };
		DB5EB4B120F3DC640044543B /* CatalogRequestsFactory.swift */ = {isa = PBXFileReference; lastKnownFileType = sourcecode.swift; path = CatalogRequestsFactory.swift; sourceTree = "<group>"; };
		DB5EB4B320F3DC7C0044543B /* CatalogService.swift */ = {isa = PBXFileReference; lastKnownFileType = sourcecode.swift; path = CatalogService.swift; sourceTree = "<group>"; };
		DB5EB4B520F3DC8E0044543B /* CatalogRouters.swift */ = {isa = PBXFileReference; lastKnownFileType = sourcecode.swift; path = CatalogRouters.swift; sourceTree = "<group>"; };
		DB5EB4B720F3E0FA0044543B /* UserDataRouters.swift */ = {isa = PBXFileReference; lastKnownFileType = sourcecode.swift; path = UserDataRouters.swift; sourceTree = "<group>"; };
		DB5EB4B920F44EC30044543B /* GoodOnPageResult.swift */ = {isa = PBXFileReference; lastKnownFileType = sourcecode.swift; path = GoodOnPageResult.swift; sourceTree = "<group>"; };
		DB5EB4BE20F4540B0044543B /* GoodsOnPage.json */ = {isa = PBXFileReference; lastKnownFileType = text.json; path = GoodsOnPage.json; sourceTree = "<group>"; };
		DB5EB4C020F454250044543B /* GoodsOnPage.json */ = {isa = PBXFileReference; lastKnownFileType = text.json; path = GoodsOnPage.json; sourceTree = "<group>"; };
		DB5EB4C120F454290044543B /* loginStub.json */ = {isa = PBXFileReference; lastKnownFileType = text.json; path = loginStub.json; sourceTree = "<group>"; };
		DB5EB4C220F45DA60044543B /* UserDataTest.swift */ = {isa = PBXFileReference; lastKnownFileType = sourcecode.swift; path = UserDataTest.swift; sourceTree = "<group>"; };
		DB5EB4C420F463950044543B /* CatalogTest.swift */ = {isa = PBXFileReference; lastKnownFileType = sourcecode.swift; path = CatalogTest.swift; sourceTree = "<group>"; };
		DB5EB4C620F4648E0044543B /* SimpleResult.json */ = {isa = PBXFileReference; lastKnownFileType = text.json; path = SimpleResult.json; sourceTree = "<group>"; };
		DB77ED9720F2989800D07ADF /* GBServicesFactoryMock.swift */ = {isa = PBXFileReference; lastKnownFileType = sourcecode.swift; path = GBServicesFactoryMock.swift; sourceTree = "<group>"; };
		DB80981720F2990D00F96EAE /* ErrorStub.swift */ = {isa = PBXFileReference; lastKnownFileType = sourcecode.swift; path = ErrorStub.swift; sourceTree = "<group>"; };
		DB80981B20F29B0500F96EAE /* AuthTest.swift */ = {isa = PBXFileReference; lastKnownFileType = sourcecode.swift; path = AuthTest.swift; sourceTree = "<group>"; };
		DBA18DEC2112FEA2004C4547 /* Alert.swift */ = {isa = PBXFileReference; lastKnownFileType = sourcecode.swift; path = Alert.swift; sourceTree = "<group>"; };
		DBB3F93920FFCA400062F41C /* BasketTests.swift */ = {isa = PBXFileReference; lastKnownFileType = sourcecode.swift; path = BasketTests.swift; sourceTree = "<group>"; };
		DBB3F93B210114B60062F41C /* BaseServiceTest.swift */ = {isa = PBXFileReference; lastKnownFileType = sourcecode.swift; path = BaseServiceTest.swift; sourceTree = "<group>"; };
		DBB3F93D21011F0B0062F41C /* addReview.json */ = {isa = PBXFileReference; lastKnownFileType = text.json; path = addReview.json; sourceTree = "<group>"; };
		DBB3F93F21011F270062F41C /* addToBasket.json */ = {isa = PBXFileReference; lastKnownFileType = text.json; path = addToBasket.json; sourceTree = "<group>"; };
		DBB3F94121011F420062F41C /* approveReview.json */ = {isa = PBXFileReference; lastKnownFileType = text.json; path = approveReview.json; sourceTree = "<group>"; };
		DBB3F94321011F620062F41C /* catalogData.json */ = {isa = PBXFileReference; lastKnownFileType = text.json; path = catalogData.json; sourceTree = "<group>"; };
		DBB3F94521011F7A0062F41C /* changeUserData.json */ = {isa = PBXFileReference; lastKnownFileType = text.json; path = changeUserData.json; sourceTree = "<group>"; };
		DBB3F94721011F920062F41C /* deleteFromBasket.json */ = {isa = PBXFileReference; lastKnownFileType = text.json; path = deleteFromBasket.json; sourceTree = "<group>"; };
		DBB3F94921011FA60062F41C /* getBasket.json */ = {isa = PBXFileReference; lastKnownFileType = text.json; path = getBasket.json; sourceTree = "<group>"; };
		DBB3F94B21011FBE0062F41C /* getGoodById.json */ = {isa = PBXFileReference; lastKnownFileType = text.json; path = getGoodById.json; sourceTree = "<group>"; };
		DBB3F94D21011FE40062F41C /* logout.json */ = {isa = PBXFileReference; lastKnownFileType = text.json; path = logout.json; sourceTree = "<group>"; };
		DBB3F94F21011FF50062F41C /* registerUser.json */ = {isa = PBXFileReference; lastKnownFileType = text.json; path = registerUser.json; sourceTree = "<group>"; };
		DBB3F951210120090062F41C /* removeReview.json */ = {isa = PBXFileReference; lastKnownFileType = text.json; path = removeReview.json; sourceTree = "<group>"; };
		DBB3F958210386190062F41C /* AuthVC.swift */ = {isa = PBXFileReference; lastKnownFileType = sourcecode.swift; path = AuthVC.swift; sourceTree = "<group>"; };
		DBB5EA7720EABEBC004A8D6B /* Shop.app */ = {isa = PBXFileReference; explicitFileType = wrapper.application; includeInIndex = 0; path = Shop.app; sourceTree = BUILT_PRODUCTS_DIR; };
		DBB5EA7A20EABEBC004A8D6B /* AppDelegate.swift */ = {isa = PBXFileReference; lastKnownFileType = sourcecode.swift; path = AppDelegate.swift; sourceTree = "<group>"; };
		DBB5EA8120EABEBD004A8D6B /* Assets.xcassets */ = {isa = PBXFileReference; lastKnownFileType = folder.assetcatalog; path = Assets.xcassets; sourceTree = "<group>"; };
		DBB5EA8420EABEBD004A8D6B /* Base */ = {isa = PBXFileReference; lastKnownFileType = file.storyboard; name = Base; path = Base.lproj/LaunchScreen.storyboard; sourceTree = "<group>"; };
		DBB5EA8620EABEBD004A8D6B /* Info.plist */ = {isa = PBXFileReference; lastKnownFileType = text.plist.xml; path = Info.plist; sourceTree = "<group>"; };
		DBB5EA8B20EABEBE004A8D6B /* ShopTests.xctest */ = {isa = PBXFileReference; explicitFileType = wrapper.cfbundle; includeInIndex = 0; path = ShopTests.xctest; sourceTree = BUILT_PRODUCTS_DIR; };
		DBB5EA9120EABEBE004A8D6B /* Info.plist */ = {isa = PBXFileReference; lastKnownFileType = text.plist.xml; path = Info.plist; sourceTree = "<group>"; };
		DBB5EA9620EABEBE004A8D6B /* ShopUITests.xctest */ = {isa = PBXFileReference; explicitFileType = wrapper.cfbundle; includeInIndex = 0; path = ShopUITests.xctest; sourceTree = BUILT_PRODUCTS_DIR; };
		DBB5EA9A20EABEBE004A8D6B /* ShopUITests.swift */ = {isa = PBXFileReference; lastKnownFileType = sourcecode.swift; path = ShopUITests.swift; sourceTree = "<group>"; };
		DBB5EA9C20EABEBE004A8D6B /* Info.plist */ = {isa = PBXFileReference; lastKnownFileType = text.plist.xml; path = Info.plist; sourceTree = "<group>"; };
		DBCBEDBB20EEA26600C7AC1D /* AbstractErrorParser.swift */ = {isa = PBXFileReference; lastKnownFileType = sourcecode.swift; path = AbstractErrorParser.swift; sourceTree = "<group>"; };
		DBCBEDBD20EEA32100C7AC1D /* ErrorParser.swift */ = {isa = PBXFileReference; lastKnownFileType = sourcecode.swift; path = ErrorParser.swift; sourceTree = "<group>"; };
		DBCBEDBF20EEA52900C7AC1D /* ResponseDecodable.swift */ = {isa = PBXFileReference; lastKnownFileType = sourcecode.swift; path = ResponseDecodable.swift; sourceTree = "<group>"; };
		DBF55E5220F681BC0049DDFC /* GBShopSessionNamager.swift */ = {isa = PBXFileReference; lastKnownFileType = sourcecode.swift; path = GBShopSessionNamager.swift; sourceTree = "<group>"; };
		DBF55E5420F7CF220049DDFC /* GetGoodResult.swift */ = {isa = PBXFileReference; lastKnownFileType = sourcecode.swift; path = GetGoodResult.swift; sourceTree = "<group>"; };
/* End PBXFileReference section */

/* Begin PBXFrameworksBuildPhase section */
		DBB5EA7420EABEBC004A8D6B /* Frameworks */ = {
			isa = PBXFrameworksBuildPhase;
			buildActionMask = 2147483647;
			files = (
				78EFD9119368FE58EFB74F65 /* Pods_Shop.framework in Frameworks */,
			);
			runOnlyForDeploymentPostprocessing = 0;
		};
		DBB5EA8820EABEBE004A8D6B /* Frameworks */ = {
			isa = PBXFrameworksBuildPhase;
			buildActionMask = 2147483647;
			files = (
				C1E192119E0FEB5E6C4CDE7B /* libPods-ShopTests.a in Frameworks */,
			);
			runOnlyForDeploymentPostprocessing = 0;
		};
		DBB5EA9320EABEBE004A8D6B /* Frameworks */ = {
			isa = PBXFrameworksBuildPhase;
			buildActionMask = 2147483647;
			files = (
			);
			runOnlyForDeploymentPostprocessing = 0;
		};
/* End PBXFrameworksBuildPhase section */

/* Begin PBXGroup section */
		B182B424186D4D7799CCFB77 /* Pods */ = {
			isa = PBXGroup;
			children = (
				A61B9E90C9125F7C74D00C6E /* Pods-Shop.debug.xcconfig */,
				C87AA9400B470487517FD3FA /* Pods-Shop.release.xcconfig */,
				7C06828ABCF1025DD5FC5ECF /* Pods-ShopTests.debug.xcconfig */,
				651B3BB52294C6FA595CC9F6 /* Pods-ShopTests.release.xcconfig */,
			);
			name = Pods;
			sourceTree = "<group>";
		};
		DB15630C2108F77100427D7F /* Auth */ = {
			isa = PBXGroup;
			children = (
				DB156341210E184A00427D7F /* AuthCoordinator.swift */,
				DB156343210E186100427D7F /* AuthCoordinatorOutput.swift */,
				DB156340210E183500427D7F /* Controllers */,
			);
			path = Auth;
			sourceTree = "<group>";
		};
		DB15630E2108FC0D00427D7F /* Settings */ = {
			isa = PBXGroup;
			children = (
				DB156371210E475800427D7F /* SettingsCoordinator.swift */,
				DB15634D210E1BDA00427D7F /* Controllers */,
			);
			path = Settings;
			sourceTree = "<group>";
		};
		DB1563112108FC8400427D7F /* Catalog */ = {
			isa = PBXGroup;
			children = (
				DB15634B210E1BD300427D7F /* CatalogController.swift */,
				DB15634A210E1BBA00427D7F /* Controllers */,
			);
			path = Catalog;
			sourceTree = "<group>";
		};
		DB156314210A4F3F00427D7F /* StoryBoards */ = {
			isa = PBXGroup;
			children = (
				DB15635F210E3ECD00427D7F /* StoryBoardsEnum.swift */,
				DB15630F2108FC3700427D7F /* UserDataSB.storyboard */,
				DB15630A2108F74800427D7F /* AuthSB.storyboard */,
				DB1563122108FC9700427D7F /* CatalogSB.storyboard */,
				DB15631F210A636F00427D7F /* StoreSB.storyboard */,
				DB156374210F7F5F00427D7F /* MainSB.storyboard */,
			);
			path = StoryBoards;
			sourceTree = "<group>";
		};
		DB15631E210A634A00427D7F /* TabBar */ = {
			isa = PBXGroup;
			children = (
				DB15636D210E46C500427D7F /* TabBarCoodnator.swift */,
				DB156373210E476C00427D7F /* Controllers */,
			);
			path = TabBar;
			sourceTree = "<group>";
		};
		DB156334210E10CA00427D7F /* Coordinator */ = {
			isa = PBXGroup;
			children = (
				DB156350210E1C6F00427D7F /* Factories */,
				DB156339210E144500427D7F /* Protocols */,
				DB156335210E112700427D7F /* LinkingOptions.swift */,
				DB156367210E40B800427D7F /* BaseCoordinator.swift */,
			);
			path = Coordinator;
			sourceTree = "<group>";
		};
		DB156339210E144500427D7F /* Protocols */ = {
			isa = PBXGroup;
			children = (
				DB15633A210E145000427D7F /* Coordinator.swift */,
				DB15633C210E177700427D7F /* BaseView.swift */,
				DB15633E210E178300427D7F /* Presentable.swift */,
			);
			path = Protocols;
			sourceTree = "<group>";
		};
		DB156340210E183500427D7F /* Controllers */ = {
			isa = PBXGroup;
			children = (
				DB156357210E210F00427D7F /* AuthView.swift */,
				DBB3F958210386190062F41C /* AuthVC.swift */,
				DB15631B210A54D200427D7F /* AuthViewModel.swift */,
				DB156359210E211D00427D7F /* RegisterView.swift */,
				DB15632D210A74FB00427D7F /* RegisterVC.swift */,
				DB15632F210A750700427D7F /* RegisterViewModel.swift */,
			);
			path = Controllers;
			sourceTree = "<group>";
		};
		DB156345210E1A5800427D7F /* Router */ = {
			isa = PBXGroup;
			children = (
				DB156346210E1A6600427D7F /* Router.swift */,
				DB156348210E1A7F00427D7F /* RouterImp.swift */,
			);
			path = Router;
			sourceTree = "<group>";
		};
		DB15634A210E1BBA00427D7F /* Controllers */ = {
			isa = PBXGroup;
			children = (
				DB1563792110094E00427D7F /* DetailView */,
				DB1563782110094600427D7F /* Catalog */,
			);
			path = Controllers;
			sourceTree = "<group>";
		};
		DB15634D210E1BDA00427D7F /* Controllers */ = {
			isa = PBXGroup;
			children = (
				DB15634E210E1BF500427D7F /* SettingsView.swift */,
				DB156317210A4F9000427D7F /* UserDataVC.swift */,
				DB156327210A73C800427D7F /* UserDataViewModel.swift */,
				DB156329210A73FB00427D7F /* EditUserDataVC.swift */,
				DB15632B210A740800427D7F /* EditUserDataViewModel.swift */,
			);
			path = Controllers;
			sourceTree = "<group>";
		};
		DB156350210E1C6F00427D7F /* Factories */ = {
			isa = PBXGroup;
			children = (
				DB156369210E424100427D7F /* Implementations */,
				DB156351210E1C8400427D7F /* AuthModuleFactory.swift */,
				DB156353210E1C9500427D7F /* SettingsModuleFactory.swift */,
				DB156355210E1CAA00427D7F /* CatalogModuleFactory.swift */,
				DB156337210E138F00427D7F /* CoordinatorFactory.swift */,
			);
			path = Factories;
			sourceTree = "<group>";
		};
		DB156362210E3F5900427D7F /* Extensions */ = {
			isa = PBXGroup;
			children = (
				DB156363210E3F7C00427D7F /* UIViewControllerExtensions.swift */,
				DB156365210E3FB900427D7F /* NSObjectExtension.swift */,
			);
			path = Extensions;
			sourceTree = "<group>";
		};
		DB156369210E424100427D7F /* Implementations */ = {
			isa = PBXGroup;
			children = (
				DB15635D210E308400427D7F /* ModuleFactoryImp.swift */,
				DB15636A210E427700427D7F /* CoordinatorFactoryImp.swift */,
			);
			path = Implementations;
			sourceTree = "<group>";
		};
		DB156373210E476C00427D7F /* Controllers */ = {
			isa = PBXGroup;
			children = (
				DB15636F210E471A00427D7F /* TabBarView.swift */,
				DB156319210A4FD600427D7F /* TabBarVC.swift */,
			);
			path = Controllers;
			sourceTree = "<group>";
		};
		DB1563782110094600427D7F /* Catalog */ = {
			isa = PBXGroup;
			children = (
				DB15635B210E266B00427D7F /* CatalogView.swift */,
				DB156315210A4F7400427D7F /* CatalogTableVC.swift */,
				DB156321210A650000427D7F /* CatalogViewModel.swift */,
				DB156325210A6BDE00427D7F /* GoodCell.swift */,
			);
			path = Catalog;
			sourceTree = "<group>";
		};
		DB1563792110094E00427D7F /* DetailView */ = {
			isa = PBXGroup;
			children = (
				DB15637A2110096800427D7F /* DetaiItemView.swift */,
				DB15637C2110102600427D7F /* DetailItemVC.swift */,
			);
			path = DetailView;
			sourceTree = "<group>";
		};
		DB3E3E7B20FCF3BA0063697F /* Basket */ = {
			isa = PBXGroup;
			children = (
				DB3E3E7C20FCF3DA0063697F /* BasketRequestFactory.swift */,
				DB3E3E7E20FCF3EA0063697F /* BasketService.swift */,
				DB3E3E8020FCF3F50063697F /* BasketRouters.swift */,
			);
			path = Basket;
			sourceTree = "<group>";
		};
		DB3E3E8220FD06FD0063697F /* Basket */ = {
			isa = PBXGroup;
			children = (
				DB3E3E8D20FD0E8E0063697F /* AddToBasketResult.swift */,
				DB3E3E8F20FD0E9A0063697F /* RemoveFromBasketResult.swift */,
				DB3E3E9120FD0EA70063697F /* GetContentsResult.swift */,
			);
			path = Basket;
			sourceTree = "<group>";
		};
		DB3E3E8320FD07040063697F /* Auth */ = {
			isa = PBXGroup;
			children = (
				DB547AC020F1394600112CBE /* LoginResult.swift */,
				DB547AC220F1394E00112CBE /* User.swift */,
				DB4BFAD320F2401500298E68 /* RegisterResult.swift */,
				DB4BFAD520F2404000298E68 /* LogOutResult.swift */,
			);
			path = Auth;
			sourceTree = "<group>";
		};
		DB3E3E8420FD070C0063697F /* UserData */ = {
			isa = PBXGroup;
			children = (
				DB4BFAD120F2400400298E68 /* ChangeUserDataResult.swift */,
			);
			path = UserData;
			sourceTree = "<group>";
		};
		DB3E3E8520FD07130063697F /* Catalog */ = {
			isa = PBXGroup;
			children = (
				DB5EB4B920F44EC30044543B /* GoodOnPageResult.swift */,
				DBF55E5420F7CF220049DDFC /* GetGoodResult.swift */,
				DB3E3E8620FD0E2F0063697F /* AddReviewResult.swift */,
				DB3E3E8920FD0E570063697F /* ApproveReviewResult.swift */,
				DB3E3E8B20FD0E620063697F /* RemoveReviewResult.swift */,
			);
			path = Catalog;
			sourceTree = "<group>";
		};
		DB3E3E9520FD0F4E0063697F /* ShopRequestsTests */ = {
			isa = PBXGroup;
			children = (
				DBB3F93B210114B60062F41C /* BaseServiceTest.swift */,
				DB3E3E9920FD0F6D0063697F /* Basket */,
				DB3E3E9820FD0F680063697F /* UserData */,
				DB3E3E9720FD0F620063697F /* Catalog */,
				DB3E3E9620FD0F5B0063697F /* Auth */,
			);
			path = ShopRequestsTests;
			sourceTree = "<group>";
		};
		DB3E3E9620FD0F5B0063697F /* Auth */ = {
			isa = PBXGroup;
			children = (
				DB80981B20F29B0500F96EAE /* AuthTest.swift */,
			);
			path = Auth;
			sourceTree = "<group>";
		};
		DB3E3E9720FD0F620063697F /* Catalog */ = {
			isa = PBXGroup;
			children = (
				DB5EB4C420F463950044543B /* CatalogTest.swift */,
			);
			path = Catalog;
			sourceTree = "<group>";
		};
		DB3E3E9820FD0F680063697F /* UserData */ = {
			isa = PBXGroup;
			children = (
				DB5EB4C220F45DA60044543B /* UserDataTest.swift */,
			);
			path = UserData;
			sourceTree = "<group>";
		};
		DB3E3E9920FD0F6D0063697F /* Basket */ = {
			isa = PBXGroup;
			children = (
				DBB3F93920FFCA400062F41C /* BasketTests.swift */,
			);
			path = Basket;
			sourceTree = "<group>";
		};
		DB3E3E9B20FD0FAB0063697F /* NetworkTests */ = {
			isa = PBXGroup;
			children = (
				DB03431A20F2536500C09FB9 /* ResponseCodableTest.swift */,
			);
			path = NetworkTests;
			sourceTree = "<group>";
		};
		DB4BFAA820F13F7700298E68 /* Network */ = {
			isa = PBXGroup;
			children = (
				DB4BFAC520F2326200298E68 /* GBServerRequests */,
			);
			path = Network;
			sourceTree = "<group>";
		};
		DB4BFAAD20F1480000298E68 /* Assemblies */ = {
			isa = PBXGroup;
			children = (
			);
			path = Assemblies;
			sourceTree = "<group>";
		};
		DB4BFABC20F1EAF600298E68 /* Auth */ = {
			isa = PBXGroup;
			children = (
				DB4BFAA920F13F9700298E68 /* AuthRequestsFactory.swift */,
				DB4BFAAB20F1420600298E68 /* AuthService.swift */,
				DB5EB4AE20F3DA8D0044543B /* AuthRouters.swift */,
			);
			path = Auth;
			sourceTree = "<group>";
		};
		DB4BFABE20F1EB0900298E68 /* UserData */ = {
			isa = PBXGroup;
			children = (
				DB4BFAB420F1EA9600298E68 /* UserDataRequestsFactory.swift */,
				DB4BFAB820F1EAD600298E68 /* UserDataService.swift */,
				DB5EB4B720F3E0FA0044543B /* UserDataRouters.swift */,
			);
			path = UserData;
			sourceTree = "<group>";
		};
		DB4BFAC520F2326200298E68 /* GBServerRequests */ = {
			isa = PBXGroup;
			children = (
				DB4BFACB20F2364100298E68 /* GBShopServicesFactory.swift */,
				DBF55E5220F681BC0049DDFC /* GBShopSessionNamager.swift */,
				DB3E3E7B20FCF3BA0063697F /* Basket */,
				DB4BFABE20F1EB0900298E68 /* UserData */,
				DB4BFABC20F1EAF600298E68 /* Auth */,
				DB5EB4B020F3DB710044543B /* Catalog */,
			);
			path = GBServerRequests;
			sourceTree = "<group>";
		};
		DB4BFAC620F2327900298E68 /* AppDelegate */ = {
			isa = PBXGroup;
			children = (
				DBB5EA7A20EABEBC004A8D6B /* AppDelegate.swift */,
				DB156331210DF57B00427D7F /* AppCoordinator.swift */,
			);
			path = AppDelegate;
			sourceTree = "<group>";
		};
		DB4BFAD720F2415500298E68 /* RequestResponseEntitites */ = {
			isa = PBXGroup;
			children = (
				DB3E3E8320FD07040063697F /* Auth */,
				DB3E3E8220FD06FD0063697F /* Basket */,
				DB3E3E8520FD07130063697F /* Catalog */,
				DB3E3E8420FD070C0063697F /* UserData */,
			);
			path = RequestResponseEntitites;
			sourceTree = "<group>";
		};
		DB4BFAD820F2417900298E68 /* RequestsEntities */ = {
			isa = PBXGroup;
			children = (
				DB4BFAD920F2432A00298E68 /* UserInfo.swift */,
			);
			path = RequestsEntities;
			sourceTree = "<group>";
		};
		DB547ABF20F1393100112CBE /* Entities */ = {
			isa = PBXGroup;
			children = (
				DB4BFAD820F2417900298E68 /* RequestsEntities */,
				DB4BFAD720F2415500298E68 /* RequestResponseEntitites */,
			);
			path = Entities;
			sourceTree = "<group>";
		};
		DB5EB4B020F3DB710044543B /* Catalog */ = {
			isa = PBXGroup;
			children = (
				DB5EB4B120F3DC640044543B /* CatalogRequestsFactory.swift */,
				DB5EB4B320F3DC7C0044543B /* CatalogService.swift */,
				DB5EB4B520F3DC8E0044543B /* CatalogRouters.swift */,
			);
			path = Catalog;
			sourceTree = "<group>";
		};
		DB5EB4BD20F453E70044543B /* MockJsons */ = {
			isa = PBXGroup;
			children = (
				DB5EB4C120F454290044543B /* loginStub.json */,
				DB5EB4BE20F4540B0044543B /* GoodsOnPage.json */,
			);
			path = MockJsons;
			sourceTree = "<group>";
		};
		DBA18DEB2112FE8E004C4547 /* Alert */ = {
			isa = PBXGroup;
			children = (
				DBA18DEC2112FEA2004C4547 /* Alert.swift */,
			);
			path = Alert;
			sourceTree = "<group>";
		};
		DBB3F953210120150062F41C /* JsonsMocks */ = {
			isa = PBXGroup;
			children = (
				DB5EB4C020F454250044543B /* GoodsOnPage.json */,
				DB473A2820F2A838006A3829 /* loginStub.json */,
				DB5EB4C620F4648E0044543B /* SimpleResult.json */,
				DBB3F93D21011F0B0062F41C /* addReview.json */,
				DBB3F93F21011F270062F41C /* addToBasket.json */,
				DBB3F94121011F420062F41C /* approveReview.json */,
				DBB3F94321011F620062F41C /* catalogData.json */,
				DBB3F94521011F7A0062F41C /* changeUserData.json */,
				DBB3F94721011F920062F41C /* deleteFromBasket.json */,
				DBB3F94921011FA60062F41C /* getBasket.json */,
				DBB3F94B21011FBE0062F41C /* getGoodById.json */,
				DBB3F94D21011FE40062F41C /* logout.json */,
				DBB3F94F21011FF50062F41C /* registerUser.json */,
				DBB3F951210120090062F41C /* removeReview.json */,
			);
			path = JsonsMocks;
			sourceTree = "<group>";
		};
		DBB5EA6E20EABEBC004A8D6B = {
			isa = PBXGroup;
			children = (
				DBB5EA7920EABEBC004A8D6B /* Shop */,
				DBB5EA8E20EABEBE004A8D6B /* ShopTests */,
				DBB5EA9920EABEBE004A8D6B /* ShopUITests */,
				DBB5EA7820EABEBC004A8D6B /* Products */,
				B182B424186D4D7799CCFB77 /* Pods */,
				DD9AEC3E88466B6CAB823EBD /* Frameworks */,
			);
			sourceTree = "<group>";
		};
		DBB5EA7820EABEBC004A8D6B /* Products */ = {
			isa = PBXGroup;
			children = (
				DBB5EA7720EABEBC004A8D6B /* Shop.app */,
				DBB5EA8B20EABEBE004A8D6B /* ShopTests.xctest */,
				DBB5EA9620EABEBE004A8D6B /* ShopUITests.xctest */,
			);
			name = Products;
			sourceTree = "<group>";
		};
		DBB5EA7920EABEBC004A8D6B /* Shop */ = {
			isa = PBXGroup;
			children = (
				DBB5EAAC20EABF25004A8D6B /* App */,
				DBB5EAAB20EABF21004A8D6B /* Flows */,
				DBB5EAAA20EABF1D004A8D6B /* Core */,
				DBB5EAA920EABF13004A8D6B /* Resources */,
				DBB5EAA820EABF0A004A8D6B /* Enviroment */,
			);
			path = Shop;
			sourceTree = "<group>";
		};
		DBB5EA8E20EABEBE004A8D6B /* ShopTests */ = {
			isa = PBXGroup;
			children = (
				DB3E3E9B20FD0FAB0063697F /* NetworkTests */,
				DB3E3E9520FD0F4E0063697F /* ShopRequestsTests */,
				DB5EB4BD20F453E70044543B /* MockJsons */,
				DBB5EA9120EABEBE004A8D6B /* Info.plist */,
				DB77ED9720F2989800D07ADF /* GBServicesFactoryMock.swift */,
				DB80981720F2990D00F96EAE /* ErrorStub.swift */,
			);
			path = ShopTests;
			sourceTree = "<group>";
		};
		DBB5EA9920EABEBE004A8D6B /* ShopUITests */ = {
			isa = PBXGroup;
			children = (
				DBB5EA9A20EABEBE004A8D6B /* ShopUITests.swift */,
				DBB5EA9C20EABEBE004A8D6B /* Info.plist */,
			);
			path = ShopUITests;
			sourceTree = "<group>";
		};
		DBB5EAA820EABF0A004A8D6B /* Enviroment */ = {
			isa = PBXGroup;
			children = (
				DBB5EA8620EABEBD004A8D6B /* Info.plist */,
			);
			path = Enviroment;
			sourceTree = "<group>";
		};
		DBB5EAA920EABF13004A8D6B /* Resources */ = {
			isa = PBXGroup;
			children = (
				DBB3F953210120150062F41C /* JsonsMocks */,
				DBB5EA8320EABEBD004A8D6B /* LaunchScreen.storyboard */,
				DBB5EA8120EABEBD004A8D6B /* Assets.xcassets */,
			);
			path = Resources;
			sourceTree = "<group>";
		};
		DBB5EAAA20EABF1D004A8D6B /* Core */ = {
			isa = PBXGroup;
			children = (
				DBCBEDBA20EEA25100C7AC1D /* Network */,
			);
			path = Core;
			sourceTree = "<group>";
		};
		DBB5EAAB20EABF21004A8D6B /* Flows */ = {
			isa = PBXGroup;
			children = (
				DBA18DEB2112FE8E004C4547 /* Alert */,
				DB156362210E3F5900427D7F /* Extensions */,
				DB156345210E1A5800427D7F /* Router */,
				DB156334210E10CA00427D7F /* Coordinator */,
				DB156314210A4F3F00427D7F /* StoryBoards */,
				DB15631E210A634A00427D7F /* TabBar */,
				DB1563112108FC8400427D7F /* Catalog */,
				DB15630E2108FC0D00427D7F /* Settings */,
				DB15630C2108F77100427D7F /* Auth */,
			);
			path = Flows;
			sourceTree = "<group>";
		};
		DBB5EAAC20EABF25004A8D6B /* App */ = {
			isa = PBXGroup;
			children = (
				DB4BFAAD20F1480000298E68 /* Assemblies */,
				DB547ABF20F1393100112CBE /* Entities */,
				DBB5EAAD20EABFDC004A8D6B /* AppLogic */,
			);
			path = App;
			sourceTree = "<group>";
		};
		DBB5EAAD20EABFDC004A8D6B /* AppLogic */ = {
			isa = PBXGroup;
			children = (
				DB4BFAC620F2327900298E68 /* AppDelegate */,
				DB4BFAA820F13F7700298E68 /* Network */,
			);
			path = AppLogic;
			sourceTree = "<group>";
		};
		DBCBEDBA20EEA25100C7AC1D /* Network */ = {
			isa = PBXGroup;
			children = (
				DBCBEDBB20EEA26600C7AC1D /* AbstractErrorParser.swift */,
				DBCBEDBD20EEA32100C7AC1D /* ErrorParser.swift */,
				DBCBEDBF20EEA52900C7AC1D /* ResponseDecodable.swift */,
				DB547ABB20F12F1C00112CBE /* RequestRouter.swift */,
				DB547ABD20F1320C00112CBE /* GenericRequest.swift */,
			);
			path = Network;
			sourceTree = "<group>";
		};
		DD9AEC3E88466B6CAB823EBD /* Frameworks */ = {
			isa = PBXGroup;
			children = (
				2D23AE9250A27589F6DCA2D9 /* Pods_Shop.framework */,
				BA44CBA06FD174BFAED79029 /* libPods-ShopTests.a */,
			);
			name = Frameworks;
			sourceTree = "<group>";
		};
/* End PBXGroup section */

/* Begin PBXNativeTarget section */
		DBB5EA7620EABEBC004A8D6B /* Shop */ = {
			isa = PBXNativeTarget;
			buildConfigurationList = DBB5EA9F20EABEBE004A8D6B /* Build configuration list for PBXNativeTarget "Shop" */;
			buildPhases = (
				64006791A58CDDE43CE082CE /* [CP] Check Pods Manifest.lock */,
				DBB5EA7320EABEBC004A8D6B /* Sources */,
				DBB5EA7420EABEBC004A8D6B /* Frameworks */,
				DBB5EA7520EABEBC004A8D6B /* Resources */,
				DBB5EAAE20EAC296004A8D6B /* ShellScript */,
				E55975252B0666677B5ED81C /* [CP] Embed Pods Frameworks */,
			);
			buildRules = (
			);
			dependencies = (
			);
			name = Shop;
			productName = Shop;
			productReference = DBB5EA7720EABEBC004A8D6B /* Shop.app */;
			productType = "com.apple.product-type.application";
		};
		DBB5EA8A20EABEBE004A8D6B /* ShopTests */ = {
			isa = PBXNativeTarget;
			buildConfigurationList = DBB5EAA220EABEBE004A8D6B /* Build configuration list for PBXNativeTarget "ShopTests" */;
			buildPhases = (
				51541E7ECECAD1D746FE5E4E /* [CP] Check Pods Manifest.lock */,
				DBB5EA8720EABEBE004A8D6B /* Sources */,
				DBB5EA8820EABEBE004A8D6B /* Frameworks */,
				DBB5EA8920EABEBE004A8D6B /* Resources */,
			);
			buildRules = (
			);
			dependencies = (
				DBB5EA8D20EABEBE004A8D6B /* PBXTargetDependency */,
			);
			name = ShopTests;
			productName = ShopTests;
			productReference = DBB5EA8B20EABEBE004A8D6B /* ShopTests.xctest */;
			productType = "com.apple.product-type.bundle.unit-test";
		};
		DBB5EA9520EABEBE004A8D6B /* ShopUITests */ = {
			isa = PBXNativeTarget;
			buildConfigurationList = DBB5EAA520EABEBE004A8D6B /* Build configuration list for PBXNativeTarget "ShopUITests" */;
			buildPhases = (
				DBB5EA9220EABEBE004A8D6B /* Sources */,
				DBB5EA9320EABEBE004A8D6B /* Frameworks */,
				DBB5EA9420EABEBE004A8D6B /* Resources */,
			);
			buildRules = (
			);
			dependencies = (
				DBB5EA9820EABEBE004A8D6B /* PBXTargetDependency */,
			);
			name = ShopUITests;
			productName = ShopUITests;
			productReference = DBB5EA9620EABEBE004A8D6B /* ShopUITests.xctest */;
			productType = "com.apple.product-type.bundle.ui-testing";
		};
/* End PBXNativeTarget section */

/* Begin PBXProject section */
		DBB5EA6F20EABEBC004A8D6B /* Project object */ = {
			isa = PBXProject;
			attributes = {
				LastSwiftUpdateCheck = 0940;
				LastUpgradeCheck = 0940;
				ORGANIZATIONNAME = "Laptev Sasha";
				TargetAttributes = {
					DBB5EA7620EABEBC004A8D6B = {
						CreatedOnToolsVersion = 9.4.1;
					};
					DBB5EA8A20EABEBE004A8D6B = {
						CreatedOnToolsVersion = 9.4.1;
						TestTargetID = DBB5EA7620EABEBC004A8D6B;
					};
					DBB5EA9520EABEBE004A8D6B = {
						CreatedOnToolsVersion = 9.4.1;
						TestTargetID = DBB5EA7620EABEBC004A8D6B;
					};
				};
			};
			buildConfigurationList = DBB5EA7220EABEBC004A8D6B /* Build configuration list for PBXProject "Shop" */;
			compatibilityVersion = "Xcode 9.3";
			developmentRegion = en;
			hasScannedForEncodings = 0;
			knownRegions = (
				en,
				Base,
			);
			mainGroup = DBB5EA6E20EABEBC004A8D6B;
			productRefGroup = DBB5EA7820EABEBC004A8D6B /* Products */;
			projectDirPath = "";
			projectRoot = "";
			targets = (
				DBB5EA7620EABEBC004A8D6B /* Shop */,
				DBB5EA8A20EABEBE004A8D6B /* ShopTests */,
				DBB5EA9520EABEBE004A8D6B /* ShopUITests */,
			);
		};
/* End PBXProject section */

/* Begin PBXResourcesBuildPhase section */
		DBB5EA7520EABEBC004A8D6B /* Resources */ = {
			isa = PBXResourcesBuildPhase;
			buildActionMask = 2147483647;
			files = (
				DB473A2920F2A841006A3829 /* loginStub.json in Resources */,
				DB1563132108FC9700427D7F /* CatalogSB.storyboard in Resources */,
				DB5EB4C720F4648E0044543B /* SimpleResult.json in Resources */,
				DBB3F94021011F270062F41C /* addToBasket.json in Resources */,
				DB1563102108FC3700427D7F /* UserDataSB.storyboard in Resources */,
				DBB5EA8520EABEBD004A8D6B /* LaunchScreen.storyboard in Resources */,
				DB156375210F7F5F00427D7F /* MainSB.storyboard in Resources */,
				DBB3F94821011F920062F41C /* deleteFromBasket.json in Resources */,
				DBB3F952210120090062F41C /* removeReview.json in Resources */,
				DBB3F94A21011FA60062F41C /* getBasket.json in Resources */,
				DBB3F94E21011FE40062F41C /* logout.json in Resources */,
				DBB3F94221011F420062F41C /* approveReview.json in Resources */,
				DBB3F94421011F620062F41C /* catalogData.json in Resources */,
				DBB3F93E21011F0B0062F41C /* addReview.json in Resources */,
				DBB3F94C21011FBE0062F41C /* getGoodById.json in Resources */,
				DB156320210A636F00427D7F /* StoreSB.storyboard in Resources */,
				DBB5EA8220EABEBD004A8D6B /* Assets.xcassets in Resources */,
				DBB3F94621011F7A0062F41C /* changeUserData.json in Resources */,
				DBB3F95021011FF50062F41C /* registerUser.json in Resources */,
				DB15630B2108F74800427D7F /* AuthSB.storyboard in Resources */,
			);
			runOnlyForDeploymentPostprocessing = 0;
		};
		DBB5EA8920EABEBE004A8D6B /* Resources */ = {
			isa = PBXResourcesBuildPhase;
			buildActionMask = 2147483647;
			files = (
				DB5EB4BF20F4540B0044543B /* GoodsOnPage.json in Resources */,
			);
			runOnlyForDeploymentPostprocessing = 0;
		};
		DBB5EA9420EABEBE004A8D6B /* Resources */ = {
			isa = PBXResourcesBuildPhase;
			buildActionMask = 2147483647;
			files = (
			);
			runOnlyForDeploymentPostprocessing = 0;
		};
/* End PBXResourcesBuildPhase section */

/* Begin PBXShellScriptBuildPhase section */
		51541E7ECECAD1D746FE5E4E /* [CP] Check Pods Manifest.lock */ = {
			isa = PBXShellScriptBuildPhase;
			buildActionMask = 2147483647;
			files = (
			);
			inputPaths = (
				"${PODS_PODFILE_DIR_PATH}/Podfile.lock",
				"${PODS_ROOT}/Manifest.lock",
			);
			name = "[CP] Check Pods Manifest.lock";
			outputPaths = (
				"$(DERIVED_FILE_DIR)/Pods-ShopTests-checkManifestLockResult.txt",
			);
			runOnlyForDeploymentPostprocessing = 0;
			shellPath = /bin/sh;
			shellScript = "diff \"${PODS_PODFILE_DIR_PATH}/Podfile.lock\" \"${PODS_ROOT}/Manifest.lock\" > /dev/null\nif [ $? != 0 ] ; then\n    # print error to STDERR\n    echo \"error: The sandbox is not in sync with the Podfile.lock. Run 'pod install' or update your CocoaPods installation.\" >&2\n    exit 1\nfi\n# This output is used by Xcode 'outputs' to avoid re-running this script phase.\necho \"SUCCESS\" > \"${SCRIPT_OUTPUT_FILE_0}\"\n";
			showEnvVarsInLog = 0;
		};
		64006791A58CDDE43CE082CE /* [CP] Check Pods Manifest.lock */ = {
			isa = PBXShellScriptBuildPhase;
			buildActionMask = 2147483647;
			files = (
			);
			inputPaths = (
				"${PODS_PODFILE_DIR_PATH}/Podfile.lock",
				"${PODS_ROOT}/Manifest.lock",
			);
			name = "[CP] Check Pods Manifest.lock";
			outputPaths = (
				"$(DERIVED_FILE_DIR)/Pods-Shop-checkManifestLockResult.txt",
			);
			runOnlyForDeploymentPostprocessing = 0;
			shellPath = /bin/sh;
			shellScript = "diff \"${PODS_PODFILE_DIR_PATH}/Podfile.lock\" \"${PODS_ROOT}/Manifest.lock\" > /dev/null\nif [ $? != 0 ] ; then\n    # print error to STDERR\n    echo \"error: The sandbox is not in sync with the Podfile.lock. Run 'pod install' or update your CocoaPods installation.\" >&2\n    exit 1\nfi\n# This output is used by Xcode 'outputs' to avoid re-running this script phase.\necho \"SUCCESS\" > \"${SCRIPT_OUTPUT_FILE_0}\"\n";
			showEnvVarsInLog = 0;
		};
		DBB5EAAE20EAC296004A8D6B /* ShellScript */ = {
			isa = PBXShellScriptBuildPhase;
			buildActionMask = 2147483647;
			files = (
			);
			inputPaths = (
			);
			outputPaths = (
			);
			runOnlyForDeploymentPostprocessing = 0;
			shellPath = /bin/sh;
			shellScript = "\"${PODS_ROOT}/SwiftLint/swiftlint\"";
		};
		E55975252B0666677B5ED81C /* [CP] Embed Pods Frameworks */ = {
			isa = PBXShellScriptBuildPhase;
			buildActionMask = 2147483647;
			files = (
			);
			inputPaths = (
				"${SRCROOT}/Pods/Target Support Files/Pods-Shop/Pods-Shop-frameworks.sh",
				"${BUILT_PRODUCTS_DIR}/Alamofire-framework/Alamofire.framework",
				"${BUILT_PRODUCTS_DIR}/OHHTTPStubs-framework/OHHTTPStubs.framework",
			);
			name = "[CP] Embed Pods Frameworks";
			outputPaths = (
				"${TARGET_BUILD_DIR}/${FRAMEWORKS_FOLDER_PATH}/Alamofire.framework",
				"${TARGET_BUILD_DIR}/${FRAMEWORKS_FOLDER_PATH}/OHHTTPStubs.framework",
			);
			runOnlyForDeploymentPostprocessing = 0;
			shellPath = /bin/sh;
			shellScript = "\"${SRCROOT}/Pods/Target Support Files/Pods-Shop/Pods-Shop-frameworks.sh\"\n";
			showEnvVarsInLog = 0;
		};
/* End PBXShellScriptBuildPhase section */

/* Begin PBXSourcesBuildPhase section */
		DBB5EA7320EABEBC004A8D6B /* Sources */ = {
			isa = PBXSourcesBuildPhase;
			buildActionMask = 2147483647;
			files = (
				DB4BFAD420F2401500298E68 /* RegisterResult.swift in Sources */,
				DBCBEDC020EEA52900C7AC1D /* ResponseDecodable.swift in Sources */,
				DB15635C210E266B00427D7F /* CatalogView.swift in Sources */,
				DBF55E5320F681BC0049DDFC /* GBShopSessionNamager.swift in Sources */,
				DB15633D210E177700427D7F /* BaseView.swift in Sources */,
				DB3E3E8120FCF3F50063697F /* BasketRouters.swift in Sources */,
				DB156354210E1C9500427D7F /* SettingsModuleFactory.swift in Sources */,
				DB547AC120F1394600112CBE /* LoginResult.swift in Sources */,
				DB5EB4B820F3E0FA0044543B /* UserDataRouters.swift in Sources */,
				DBB3F959210386190062F41C /* AuthVC.swift in Sources */,
				DB15632A210A73FB00427D7F /* EditUserDataVC.swift in Sources */,
				DB547ABC20F12F1C00112CBE /* RequestRouter.swift in Sources */,
				DB156322210A650000427D7F /* CatalogViewModel.swift in Sources */,
				DB5EB4B620F3DC8E0044543B /* CatalogRouters.swift in Sources */,
				DB3E3E8C20FD0E620063697F /* RemoveReviewResult.swift in Sources */,
				DB3E3E7D20FCF3DA0063697F /* BasketRequestFactory.swift in Sources */,
				DB156368210E40B800427D7F /* BaseCoordinator.swift in Sources */,
				DB15634F210E1BF500427D7F /* SettingsView.swift in Sources */,
				DB15636B210E427700427D7F /* CoordinatorFactoryImp.swift in Sources */,
				DB15631C210A54D200427D7F /* AuthViewModel.swift in Sources */,
				DBB5EA7B20EABEBC004A8D6B /* AppDelegate.swift in Sources */,
				DB156356210E1CAA00427D7F /* CatalogModuleFactory.swift in Sources */,
				DB547AC320F1394E00112CBE /* User.swift in Sources */,
				DB156360210E3ECD00427D7F /* StoryBoardsEnum.swift in Sources */,
				DB156332210DF57B00427D7F /* AppCoordinator.swift in Sources */,
				DB15637B2110096800427D7F /* DetaiItemView.swift in Sources */,
				DB4BFAAA20F13F9700298E68 /* AuthRequestsFactory.swift in Sources */,
				DBCBEDBE20EEA32100C7AC1D /* ErrorParser.swift in Sources */,
				DB3E3E7F20FCF3EA0063697F /* BasketService.swift in Sources */,
				DB5EB4AF20F3DA8D0044543B /* AuthRouters.swift in Sources */,
				DB156347210E1A6600427D7F /* Router.swift in Sources */,
				DB156318210A4F9000427D7F /* UserDataVC.swift in Sources */,
				DB15633B210E145000427D7F /* Coordinator.swift in Sources */,
				DB156349210E1A7F00427D7F /* RouterImp.swift in Sources */,
				DB156316210A4F7400427D7F /* CatalogTableVC.swift in Sources */,
				DB156370210E471A00427D7F /* TabBarView.swift in Sources */,
				DB547ABE20F1320C00112CBE /* GenericRequest.swift in Sources */,
				DBCBEDBC20EEA26600C7AC1D /* AbstractErrorParser.swift in Sources */,
				DB156352210E1C8400427D7F /* AuthModuleFactory.swift in Sources */,
				DB156366210E3FB900427D7F /* NSObjectExtension.swift in Sources */,
				DB15637D2110102600427D7F /* DetailItemVC.swift in Sources */,
				DB15632E210A74FB00427D7F /* RegisterVC.swift in Sources */,
				DB5EB4B420F3DC7C0044543B /* CatalogService.swift in Sources */,
				DB4BFAD620F2404000298E68 /* LogOutResult.swift in Sources */,
				DB4BFAAC20F1420600298E68 /* AuthService.swift in Sources */,
				DB15631A210A4FD600427D7F /* TabBarVC.swift in Sources */,
				DB156372210E475800427D7F /* SettingsCoordinator.swift in Sources */,
				DB5EB4B220F3DC640044543B /* CatalogRequestsFactory.swift in Sources */,
				DB80981920F2996800F96EAE /* GBShopServicesFactory.swift in Sources */,
				DB156342210E184A00427D7F /* AuthCoordinator.swift in Sources */,
				DB3E3E9220FD0EA70063697F /* GetContentsResult.swift in Sources */,
				DB3E3E8E20FD0E8E0063697F /* AddToBasketResult.swift in Sources */,
				DB15636E210E46C500427D7F /* TabBarCoodnator.swift in Sources */,
				DB15634C210E1BD300427D7F /* CatalogController.swift in Sources */,
				DBF55E5520F7CF220049DDFC /* GetGoodResult.swift in Sources */,
				DB15635A210E211D00427D7F /* RegisterView.swift in Sources */,
				DB4BFAB520F1EA9600298E68 /* UserDataRequestsFactory.swift in Sources */,
				DB3E3E8A20FD0E570063697F /* ApproveReviewResult.swift in Sources */,
				DB15635E210E308400427D7F /* ModuleFactoryImp.swift in Sources */,
				DB4BFAB920F1EAD600298E68 /* UserDataService.swift in Sources */,
				DB156358210E210F00427D7F /* AuthView.swift in Sources */,
				DB156328210A73C800427D7F /* UserDataViewModel.swift in Sources */,
				DBA18DED2112FEA2004C4547 /* Alert.swift in Sources */,
				DB156364210E3F7C00427D7F /* UIViewControllerExtensions.swift in Sources */,
				DB156336210E112700427D7F /* LinkingOptions.swift in Sources */,
				DB15632C210A740800427D7F /* EditUserDataViewModel.swift in Sources */,
				DB5EB4BA20F44EC30044543B /* GoodOnPageResult.swift in Sources */,
				DB156326210A6BDE00427D7F /* GoodCell.swift in Sources */,
				DB3E3E9020FD0E9A0063697F /* RemoveFromBasketResult.swift in Sources */,
				DB156338210E138F00427D7F /* CoordinatorFactory.swift in Sources */,
				DB4BFAD220F2400400298E68 /* ChangeUserDataResult.swift in Sources */,
				DB156344210E186100427D7F /* AuthCoordinatorOutput.swift in Sources */,
				DB4BFADA20F2432A00298E68 /* UserInfo.swift in Sources */,
				DB15633F210E178300427D7F /* Presentable.swift in Sources */,
				DB3E3E8720FD0E2F0063697F /* AddReviewResult.swift in Sources */,
				DB156330210A750700427D7F /* RegisterViewModel.swift in Sources */,
			);
			runOnlyForDeploymentPostprocessing = 0;
		};
		DBB5EA8720EABEBE004A8D6B /* Sources */ = {
			isa = PBXSourcesBuildPhase;
			buildActionMask = 2147483647;
			files = (
				DB03431B20F2536500C09FB9 /* ResponseCodableTest.swift in Sources */,
				DBB3F93A20FFCA400062F41C /* BasketTests.swift in Sources */,
				DB80981820F2990D00F96EAE /* ErrorStub.swift in Sources */,
				DB5EB4C320F45DA60044543B /* UserDataTest.swift in Sources */,
				DB5EB4C520F463950044543B /* CatalogTest.swift in Sources */,
				DBB3F93C210114B60062F41C /* BaseServiceTest.swift in Sources */,
				DB80981A20F2999600F96EAE /* GBServicesFactoryMock.swift in Sources */,
				DB80981C20F29B0500F96EAE /* AuthTest.swift in Sources */,
			);
			runOnlyForDeploymentPostprocessing = 0;
		};
		DBB5EA9220EABEBE004A8D6B /* Sources */ = {
			isa = PBXSourcesBuildPhase;
			buildActionMask = 2147483647;
			files = (
				DBB5EA9B20EABEBE004A8D6B /* ShopUITests.swift in Sources */,
			);
			runOnlyForDeploymentPostprocessing = 0;
		};
/* End PBXSourcesBuildPhase section */

/* Begin PBXTargetDependency section */
		DBB5EA8D20EABEBE004A8D6B /* PBXTargetDependency */ = {
			isa = PBXTargetDependency;
			target = DBB5EA7620EABEBC004A8D6B /* Shop */;
			targetProxy = DBB5EA8C20EABEBE004A8D6B /* PBXContainerItemProxy */;
		};
		DBB5EA9820EABEBE004A8D6B /* PBXTargetDependency */ = {
			isa = PBXTargetDependency;
			target = DBB5EA7620EABEBC004A8D6B /* Shop */;
			targetProxy = DBB5EA9720EABEBE004A8D6B /* PBXContainerItemProxy */;
		};
/* End PBXTargetDependency section */

/* Begin PBXVariantGroup section */
		DBB5EA8320EABEBD004A8D6B /* LaunchScreen.storyboard */ = {
			isa = PBXVariantGroup;
			children = (
				DBB5EA8420EABEBD004A8D6B /* Base */,
			);
			name = LaunchScreen.storyboard;
			sourceTree = "<group>";
		};
/* End PBXVariantGroup section */

/* Begin XCBuildConfiguration section */
		DBB5EA9D20EABEBE004A8D6B /* Debug */ = {
			isa = XCBuildConfiguration;
			buildSettings = {
				ALWAYS_SEARCH_USER_PATHS = NO;
				CLANG_ANALYZER_NONNULL = YES;
				CLANG_ANALYZER_NUMBER_OBJECT_CONVERSION = YES_AGGRESSIVE;
				CLANG_CXX_LANGUAGE_STANDARD = "gnu++14";
				CLANG_CXX_LIBRARY = "libc++";
				CLANG_ENABLE_MODULES = YES;
				CLANG_ENABLE_OBJC_ARC = YES;
				CLANG_ENABLE_OBJC_WEAK = YES;
				CLANG_WARN_BLOCK_CAPTURE_AUTORELEASING = YES;
				CLANG_WARN_BOOL_CONVERSION = YES;
				CLANG_WARN_COMMA = YES;
				CLANG_WARN_CONSTANT_CONVERSION = YES;
				CLANG_WARN_DEPRECATED_OBJC_IMPLEMENTATIONS = YES;
				CLANG_WARN_DIRECT_OBJC_ISA_USAGE = YES_ERROR;
				CLANG_WARN_DOCUMENTATION_COMMENTS = YES;
				CLANG_WARN_EMPTY_BODY = YES;
				CLANG_WARN_ENUM_CONVERSION = YES;
				CLANG_WARN_INFINITE_RECURSION = YES;
				CLANG_WARN_INT_CONVERSION = YES;
				CLANG_WARN_NON_LITERAL_NULL_CONVERSION = YES;
				CLANG_WARN_OBJC_IMPLICIT_RETAIN_SELF = YES;
				CLANG_WARN_OBJC_LITERAL_CONVERSION = YES;
				CLANG_WARN_OBJC_ROOT_CLASS = YES_ERROR;
				CLANG_WARN_RANGE_LOOP_ANALYSIS = YES;
				CLANG_WARN_STRICT_PROTOTYPES = YES;
				CLANG_WARN_SUSPICIOUS_MOVE = YES;
				CLANG_WARN_UNGUARDED_AVAILABILITY = YES_AGGRESSIVE;
				CLANG_WARN_UNREACHABLE_CODE = YES;
				CLANG_WARN__DUPLICATE_METHOD_MATCH = YES;
				CODE_SIGN_IDENTITY = "iPhone Developer";
				COPY_PHASE_STRIP = NO;
				DEBUG_INFORMATION_FORMAT = dwarf;
				ENABLE_STRICT_OBJC_MSGSEND = YES;
				ENABLE_TESTABILITY = YES;
				GCC_C_LANGUAGE_STANDARD = gnu11;
				GCC_DYNAMIC_NO_PIC = NO;
				GCC_NO_COMMON_BLOCKS = YES;
				GCC_OPTIMIZATION_LEVEL = 0;
				GCC_PREPROCESSOR_DEFINITIONS = (
					"DEBUG=1",
					"$(inherited)",
				);
				GCC_WARN_64_TO_32_BIT_CONVERSION = YES;
				GCC_WARN_ABOUT_RETURN_TYPE = YES_ERROR;
				GCC_WARN_UNDECLARED_SELECTOR = YES;
				GCC_WARN_UNINITIALIZED_AUTOS = YES_AGGRESSIVE;
				GCC_WARN_UNUSED_FUNCTION = YES;
				GCC_WARN_UNUSED_VARIABLE = YES;
				IPHONEOS_DEPLOYMENT_TARGET = 11.4;
				MTL_ENABLE_DEBUG_INFO = YES;
				ONLY_ACTIVE_ARCH = YES;
				SDKROOT = iphoneos;
				SWIFT_ACTIVE_COMPILATION_CONDITIONS = DEBUG;
				SWIFT_OPTIMIZATION_LEVEL = "-Onone";
			};
			name = Debug;
		};
		DBB5EA9E20EABEBE004A8D6B /* Release */ = {
			isa = XCBuildConfiguration;
			buildSettings = {
				ALWAYS_SEARCH_USER_PATHS = NO;
				CLANG_ANALYZER_NONNULL = YES;
				CLANG_ANALYZER_NUMBER_OBJECT_CONVERSION = YES_AGGRESSIVE;
				CLANG_CXX_LANGUAGE_STANDARD = "gnu++14";
				CLANG_CXX_LIBRARY = "libc++";
				CLANG_ENABLE_MODULES = YES;
				CLANG_ENABLE_OBJC_ARC = YES;
				CLANG_ENABLE_OBJC_WEAK = YES;
				CLANG_WARN_BLOCK_CAPTURE_AUTORELEASING = YES;
				CLANG_WARN_BOOL_CONVERSION = YES;
				CLANG_WARN_COMMA = YES;
				CLANG_WARN_CONSTANT_CONVERSION = YES;
				CLANG_WARN_DEPRECATED_OBJC_IMPLEMENTATIONS = YES;
				CLANG_WARN_DIRECT_OBJC_ISA_USAGE = YES_ERROR;
				CLANG_WARN_DOCUMENTATION_COMMENTS = YES;
				CLANG_WARN_EMPTY_BODY = YES;
				CLANG_WARN_ENUM_CONVERSION = YES;
				CLANG_WARN_INFINITE_RECURSION = YES;
				CLANG_WARN_INT_CONVERSION = YES;
				CLANG_WARN_NON_LITERAL_NULL_CONVERSION = YES;
				CLANG_WARN_OBJC_IMPLICIT_RETAIN_SELF = YES;
				CLANG_WARN_OBJC_LITERAL_CONVERSION = YES;
				CLANG_WARN_OBJC_ROOT_CLASS = YES_ERROR;
				CLANG_WARN_RANGE_LOOP_ANALYSIS = YES;
				CLANG_WARN_STRICT_PROTOTYPES = YES;
				CLANG_WARN_SUSPICIOUS_MOVE = YES;
				CLANG_WARN_UNGUARDED_AVAILABILITY = YES_AGGRESSIVE;
				CLANG_WARN_UNREACHABLE_CODE = YES;
				CLANG_WARN__DUPLICATE_METHOD_MATCH = YES;
				CODE_SIGN_IDENTITY = "iPhone Developer";
				COPY_PHASE_STRIP = NO;
				DEBUG_INFORMATION_FORMAT = "dwarf-with-dsym";
				ENABLE_NS_ASSERTIONS = NO;
				ENABLE_STRICT_OBJC_MSGSEND = YES;
				GCC_C_LANGUAGE_STANDARD = gnu11;
				GCC_NO_COMMON_BLOCKS = YES;
				GCC_WARN_64_TO_32_BIT_CONVERSION = YES;
				GCC_WARN_ABOUT_RETURN_TYPE = YES_ERROR;
				GCC_WARN_UNDECLARED_SELECTOR = YES;
				GCC_WARN_UNINITIALIZED_AUTOS = YES_AGGRESSIVE;
				GCC_WARN_UNUSED_FUNCTION = YES;
				GCC_WARN_UNUSED_VARIABLE = YES;
				IPHONEOS_DEPLOYMENT_TARGET = 11.4;
				MTL_ENABLE_DEBUG_INFO = NO;
				SDKROOT = iphoneos;
				SWIFT_COMPILATION_MODE = wholemodule;
				SWIFT_OPTIMIZATION_LEVEL = "-O";
				VALIDATE_PRODUCT = YES;
			};
			name = Release;
		};
		DBB5EAA020EABEBE004A8D6B /* Debug */ = {
			isa = XCBuildConfiguration;
			baseConfigurationReference = A61B9E90C9125F7C74D00C6E /* Pods-Shop.debug.xcconfig */;
			buildSettings = {
				ASSETCATALOG_COMPILER_APPICON_NAME = AppIcon;
				CODE_SIGN_STYLE = Automatic;
				DEVELOPMENT_TEAM = 5V8ZBRT5M4;
				INFOPLIST_FILE = Shop/Enviroment/Info.plist;
				LD_RUNPATH_SEARCH_PATHS = (
					"$(inherited)",
					"@executable_path/Frameworks",
				);
				PRODUCT_BUNDLE_IDENTIFIER = My.Shop;
				PRODUCT_NAME = "$(TARGET_NAME)";
				SWIFT_VERSION = 4.0;
				TARGETED_DEVICE_FAMILY = "1,2";
			};
			name = Debug;
		};
		DBB5EAA120EABEBE004A8D6B /* Release */ = {
			isa = XCBuildConfiguration;
			baseConfigurationReference = C87AA9400B470487517FD3FA /* Pods-Shop.release.xcconfig */;
			buildSettings = {
				ASSETCATALOG_COMPILER_APPICON_NAME = AppIcon;
				CODE_SIGN_STYLE = Automatic;
				DEVELOPMENT_TEAM = 5V8ZBRT5M4;
				INFOPLIST_FILE = Shop/Enviroment/Info.plist;
				LD_RUNPATH_SEARCH_PATHS = (
					"$(inherited)",
					"@executable_path/Frameworks",
				);
				PRODUCT_BUNDLE_IDENTIFIER = My.Shop;
				PRODUCT_NAME = "$(TARGET_NAME)";
				SWIFT_VERSION = 4.0;
				TARGETED_DEVICE_FAMILY = "1,2";
			};
			name = Release;
		};
		DBB5EAA320EABEBE004A8D6B /* Debug */ = {
			isa = XCBuildConfiguration;
			baseConfigurationReference = 7C06828ABCF1025DD5FC5ECF /* Pods-ShopTests.debug.xcconfig */;
			buildSettings = {
				ALWAYS_EMBED_SWIFT_STANDARD_LIBRARIES = YES;
				BUNDLE_LOADER = "$(TEST_HOST)";
				CODE_SIGN_STYLE = Automatic;
				DEVELOPMENT_TEAM = 5V8ZBRT5M4;
				INFOPLIST_FILE = ShopTests/Info.plist;
				LD_RUNPATH_SEARCH_PATHS = (
					"$(inherited)",
					"@executable_path/Frameworks",
					"@loader_path/Frameworks",
				);
				PRODUCT_BUNDLE_IDENTIFIER = My.ShopTests;
				PRODUCT_NAME = "$(TARGET_NAME)";
				SWIFT_VERSION = 4.0;
				TARGETED_DEVICE_FAMILY = "1,2";
				TEST_HOST = "$(BUILT_PRODUCTS_DIR)/Shop.app/Shop";
			};
			name = Debug;
		};
		DBB5EAA420EABEBE004A8D6B /* Release */ = {
			isa = XCBuildConfiguration;
			baseConfigurationReference = 651B3BB52294C6FA595CC9F6 /* Pods-ShopTests.release.xcconfig */;
			buildSettings = {
				ALWAYS_EMBED_SWIFT_STANDARD_LIBRARIES = YES;
				BUNDLE_LOADER = "$(TEST_HOST)";
				CODE_SIGN_STYLE = Automatic;
				DEVELOPMENT_TEAM = 5V8ZBRT5M4;
				INFOPLIST_FILE = ShopTests/Info.plist;
				LD_RUNPATH_SEARCH_PATHS = (
					"$(inherited)",
					"@executable_path/Frameworks",
					"@loader_path/Frameworks",
				);
				PRODUCT_BUNDLE_IDENTIFIER = My.ShopTests;
				PRODUCT_NAME = "$(TARGET_NAME)";
				SWIFT_VERSION = 4.0;
				TARGETED_DEVICE_FAMILY = "1,2";
				TEST_HOST = "$(BUILT_PRODUCTS_DIR)/Shop.app/Shop";
			};
			name = Release;
		};
		DBB5EAA620EABEBE004A8D6B /* Debug */ = {
			isa = XCBuildConfiguration;
			buildSettings = {
				ALWAYS_EMBED_SWIFT_STANDARD_LIBRARIES = YES;
				CODE_SIGN_STYLE = Automatic;
				DEVELOPMENT_TEAM = 5V8ZBRT5M4;
				INFOPLIST_FILE = ShopUITests/Info.plist;
				LD_RUNPATH_SEARCH_PATHS = (
					"$(inherited)",
					"@executable_path/Frameworks",
					"@loader_path/Frameworks",
				);
				PRODUCT_BUNDLE_IDENTIFIER = My.ShopUITests;
				PRODUCT_NAME = "$(TARGET_NAME)";
				SWIFT_VERSION = 4.0;
				TARGETED_DEVICE_FAMILY = "1,2";
				TEST_TARGET_NAME = Shop;
			};
			name = Debug;
		};
		DBB5EAA720EABEBE004A8D6B /* Release */ = {
			isa = XCBuildConfiguration;
			buildSettings = {
				ALWAYS_EMBED_SWIFT_STANDARD_LIBRARIES = YES;
				CODE_SIGN_STYLE = Automatic;
				DEVELOPMENT_TEAM = 5V8ZBRT5M4;
				INFOPLIST_FILE = ShopUITests/Info.plist;
				LD_RUNPATH_SEARCH_PATHS = (
					"$(inherited)",
					"@executable_path/Frameworks",
					"@loader_path/Frameworks",
				);
				PRODUCT_BUNDLE_IDENTIFIER = My.ShopUITests;
				PRODUCT_NAME = "$(TARGET_NAME)";
				SWIFT_VERSION = 4.0;
				TARGETED_DEVICE_FAMILY = "1,2";
				TEST_TARGET_NAME = Shop;
			};
			name = Release;
		};
/* End XCBuildConfiguration section */

/* Begin XCConfigurationList section */
		DBB5EA7220EABEBC004A8D6B /* Build configuration list for PBXProject "Shop" */ = {
			isa = XCConfigurationList;
			buildConfigurations = (
				DBB5EA9D20EABEBE004A8D6B /* Debug */,
				DBB5EA9E20EABEBE004A8D6B /* Release */,
			);
			defaultConfigurationIsVisible = 0;
			defaultConfigurationName = Release;
		};
		DBB5EA9F20EABEBE004A8D6B /* Build configuration list for PBXNativeTarget "Shop" */ = {
			isa = XCConfigurationList;
			buildConfigurations = (
				DBB5EAA020EABEBE004A8D6B /* Debug */,
				DBB5EAA120EABEBE004A8D6B /* Release */,
			);
			defaultConfigurationIsVisible = 0;
			defaultConfigurationName = Release;
		};
		DBB5EAA220EABEBE004A8D6B /* Build configuration list for PBXNativeTarget "ShopTests" */ = {
			isa = XCConfigurationList;
			buildConfigurations = (
				DBB5EAA320EABEBE004A8D6B /* Debug */,
				DBB5EAA420EABEBE004A8D6B /* Release */,
			);
			defaultConfigurationIsVisible = 0;
			defaultConfigurationName = Release;
		};
		DBB5EAA520EABEBE004A8D6B /* Build configuration list for PBXNativeTarget "ShopUITests" */ = {
			isa = XCConfigurationList;
			buildConfigurations = (
				DBB5EAA620EABEBE004A8D6B /* Debug */,
				DBB5EAA720EABEBE004A8D6B /* Release */,
			);
			defaultConfigurationIsVisible = 0;
			defaultConfigurationName = Release;
		};
/* End XCConfigurationList section */
	};
	rootObject = DBB5EA6F20EABEBC004A8D6B /* Project object */;
}
