// !$*UTF8*$!
{
	archiveVersion = 1;
	classes = {
	};
	objectVersion = 50;
	objects = {

/* Begin PBXBuildFile section */
		78EFD9119368FE58EFB74F65 /* Pods_Shop.framework in Frameworks */ = {isa = PBXBuildFile; fileRef = 2D23AE9250A27589F6DCA2D9 /* Pods_Shop.framework */; };
		DBB5EA7B20EABEBC004A8D6B /* AppDelegate.swift in Sources */ = {isa = PBXBuildFile; fileRef = DBB5EA7A20EABEBC004A8D6B /* AppDelegate.swift */; };
		DBB5EA8220EABEBD004A8D6B /* Assets.xcassets in Resources */ = {isa = PBXBuildFile; fileRef = DBB5EA8120EABEBD004A8D6B /* Assets.xcassets */; };
		DBB5EA8520EABEBD004A8D6B /* LaunchScreen.storyboard in Resources */ = {isa = PBXBuildFile; fileRef = DBB5EA8320EABEBD004A8D6B /* LaunchScreen.storyboard */; };
		DBB5EA9020EABEBE004A8D6B /* ShopTests.swift in Sources */ = {isa = PBXBuildFile; fileRef = DBB5EA8F20EABEBE004A8D6B /* ShopTests.swift */; };
		DBB5EA9B20EABEBE004A8D6B /* ShopUITests.swift in Sources */ = {isa = PBXBuildFile; fileRef = DBB5EA9A20EABEBE004A8D6B /* ShopUITests.swift */; };
/* End PBXBuildFile section */

/* Begin PBXContainerItemProxy section */
		DBB5EA8C20EABEBE004A8D6B /* PBXContainerItemProxy */ = {
			isa = PBXContainerItemProxy;
			containerPortal = DBB5EA6F20EABEBC004A8D6B /* Project object */;
			proxyType = 1;
			remoteGlobalIDString = DBB5EA7620EABEBC004A8D6B;
			remoteInfo = Shop;
		};
		DBB5EA9720EABEBE004A8D6B /* PBXContainerItemProxy */ = {
			isa = PBXContainerItemProxy;
			containerPortal = DBB5EA6F20EABEBC004A8D6B /* Project object */;
			proxyType = 1;
			remoteGlobalIDString = DBB5EA7620EABEBC004A8D6B;
			remoteInfo = Shop;
		};
/* End PBXContainerItemProxy section */

/* Begin PBXFileReference section */
		2D23AE9250A27589F6DCA2D9 /* Pods_Shop.framework */ = {isa = PBXFileReference; explicitFileType = wrapper.framework; includeInIndex = 0; path = Pods_Shop.framework; sourceTree = BUILT_PRODUCTS_DIR; };
		A61B9E90C9125F7C74D00C6E /* Pods-Shop.debug.xcconfig */ = {isa = PBXFileReference; includeInIndex = 1; lastKnownFileType = text.xcconfig; name = "Pods-Shop.debug.xcconfig"; path = "Pods/Target Support Files/Pods-Shop/Pods-Shop.debug.xcconfig"; sourceTree = "<group>"; };
		C87AA9400B470487517FD3FA /* Pods-Shop.release.xcconfig */ = {isa = PBXFileReference; includeInIndex = 1; lastKnownFileType = text.xcconfig; name = "Pods-Shop.release.xcconfig"; path = "Pods/Target Support Files/Pods-Shop/Pods-Shop.release.xcconfig"; sourceTree = "<group>"; };
		DBB5EA7720EABEBC004A8D6B /* Shop.app */ = {isa = PBXFileReference; explicitFileType = wrapper.application; includeInIndex = 0; path = Shop.app; sourceTree = BUILT_PRODUCTS_DIR; };
		DBB5EA7A20EABEBC004A8D6B /* AppDelegate.swift */ = {isa = PBXFileReference; lastKnownFileType = sourcecode.swift; path = AppDelegate.swift; sourceTree = "<group>"; };
		DBB5EA8120EABEBD004A8D6B /* Assets.xcassets */ = {isa = PBXFileReference; lastKnownFileType = folder.assetcatalog; path = Assets.xcassets; sourceTree = "<group>"; };
		DBB5EA8420EABEBD004A8D6B /* Base */ = {isa = PBXFileReference; lastKnownFileType = file.storyboard; name = Base; path = Base.lproj/LaunchScreen.storyboard; sourceTree = "<group>"; };
		DBB5EA8620EABEBD004A8D6B /* Info.plist */ = {isa = PBXFileReference; lastKnownFileType = text.plist.xml; path = Info.plist; sourceTree = "<group>"; };
		DBB5EA8B20EABEBE004A8D6B /* ShopTests.xctest */ = {isa = PBXFileReference; explicitFileType = wrapper.cfbundle; includeInIndex = 0; path = ShopTests.xctest; sourceTree = BUILT_PRODUCTS_DIR; };
		DBB5EA8F20EABEBE004A8D6B /* ShopTests.swift */ = {isa = PBXFileReference; lastKnownFileType = sourcecode.swift; path = ShopTests.swift; sourceTree = "<group>"; };
		DBB5EA9120EABEBE004A8D6B /* Info.plist */ = {isa = PBXFileReference; lastKnownFileType = text.plist.xml; path = Info.plist; sourceTree = "<group>"; };
		DBB5EA9620EABEBE004A8D6B /* ShopUITests.xctest */ = {isa = PBXFileReference; explicitFileType = wrapper.cfbundle; includeInIndex = 0; path = ShopUITests.xctest; sourceTree = BUILT_PRODUCTS_DIR; };
		DBB5EA9A20EABEBE004A8D6B /* ShopUITests.swift */ = {isa = PBXFileReference; lastKnownFileType = sourcecode.swift; path = ShopUITests.swift; sourceTree = "<group>"; };
		DBB5EA9C20EABEBE004A8D6B /* Info.plist */ = {isa = PBXFileReference; lastKnownFileType = text.plist.xml; path = Info.plist; sourceTree = "<group>"; };
/* End PBXFileReference section */

/* Begin PBXFrameworksBuildPhase section */
		DBB5EA7420EABEBC004A8D6B /* Frameworks */ = {
			isa = PBXFrameworksBuildPhase;
			buildActionMask = 2147483647;
			files = (
				78EFD9119368FE58EFB74F65 /* Pods_Shop.framework in Frameworks */,
			);
			runOnlyForDeploymentPostprocessing = 0;
		};
		DBB5EA8820EABEBE004A8D6B /* Frameworks */ = {
			isa = PBXFrameworksBuildPhase;
			buildActionMask = 2147483647;
			files = (
			);
			runOnlyForDeploymentPostprocessing = 0;
		};
		DBB5EA9320EABEBE004A8D6B /* Frameworks */ = {
			isa = PBXFrameworksBuildPhase;
			buildActionMask = 2147483647;
			files = (
			);
			runOnlyForDeploymentPostprocessing = 0;
		};
/* End PBXFrameworksBuildPhase section */

/* Begin PBXGroup section */
		B182B424186D4D7799CCFB77 /* Pods */ = {
			isa = PBXGroup;
			children = (
				A61B9E90C9125F7C74D00C6E /* Pods-Shop.debug.xcconfig */,
				C87AA9400B470487517FD3FA /* Pods-Shop.release.xcconfig */,
			);
			name = Pods;
			sourceTree = "<group>";
		};
		DBB5EA6E20EABEBC004A8D6B = {
			isa = PBXGroup;
			children = (
				DBB5EA7920EABEBC004A8D6B /* Shop */,
				DBB5EA8E20EABEBE004A8D6B /* ShopTests */,
				DBB5EA9920EABEBE004A8D6B /* ShopUITests */,
				DBB5EA7820EABEBC004A8D6B /* Products */,
				B182B424186D4D7799CCFB77 /* Pods */,
				DD9AEC3E88466B6CAB823EBD /* Frameworks */,
			);
			sourceTree = "<group>";
		};
		DBB5EA7820EABEBC004A8D6B /* Products */ = {
			isa = PBXGroup;
			children = (
				DBB5EA7720EABEBC004A8D6B /* Shop.app */,
				DBB5EA8B20EABEBE004A8D6B /* ShopTests.xctest */,
				DBB5EA9620EABEBE004A8D6B /* ShopUITests.xctest */,
			);
			name = Products;
			sourceTree = "<group>";
		};
		DBB5EA7920EABEBC004A8D6B /* Shop */ = {
			isa = PBXGroup;
			children = (
				DBB5EAAC20EABF25004A8D6B /* App */,
				DBB5EAAB20EABF21004A8D6B /* Flows */,
				DBB5EAAA20EABF1D004A8D6B /* Core */,
				DBB5EAA920EABF13004A8D6B /* Resources */,
				DBB5EAA820EABF0A004A8D6B /* Enviroment */,
			);
			path = Shop;
			sourceTree = "<group>";
		};
		DBB5EA8E20EABEBE004A8D6B /* ShopTests */ = {
			isa = PBXGroup;
			children = (
				DBB5EA8F20EABEBE004A8D6B /* ShopTests.swift */,
				DBB5EA9120EABEBE004A8D6B /* Info.plist */,
			);
			path = ShopTests;
			sourceTree = "<group>";
		};
		DBB5EA9920EABEBE004A8D6B /* ShopUITests */ = {
			isa = PBXGroup;
			children = (
				DBB5EA9A20EABEBE004A8D6B /* ShopUITests.swift */,
				DBB5EA9C20EABEBE004A8D6B /* Info.plist */,
			);
			path = ShopUITests;
			sourceTree = "<group>";
		};
		DBB5EAA820EABF0A004A8D6B /* Enviroment */ = {
			isa = PBXGroup;
			children = (
				DBB5EA8620EABEBD004A8D6B /* Info.plist */,
			);
			path = Enviroment;
			sourceTree = "<group>";
		};
		DBB5EAA920EABF13004A8D6B /* Resources */ = {
			isa = PBXGroup;
			children = (
				DBB5EA8320EABEBD004A8D6B /* LaunchScreen.storyboard */,
				DBB5EA8120EABEBD004A8D6B /* Assets.xcassets */,
			);
			path = Resources;
			sourceTree = "<group>";
		};
		DBB5EAAA20EABF1D004A8D6B /* Core */ = {
			isa = PBXGroup;
			children = (
			);
			path = Core;
			sourceTree = "<group>";
		};
		DBB5EAAB20EABF21004A8D6B /* Flows */ = {
			isa = PBXGroup;
			children = (
			);
			path = Flows;
			sourceTree = "<group>";
		};
		DBB5EAAC20EABF25004A8D6B /* App */ = {
			isa = PBXGroup;
			children = (
				DBB5EAAD20EABFDC004A8D6B /* AppLogic */,
			);
			path = App;
			sourceTree = "<group>";
		};
		DBB5EAAD20EABFDC004A8D6B /* AppLogic */ = {
			isa = PBXGroup;
			children = (
				DBB5EA7A20EABEBC004A8D6B /* AppDelegate.swift */,
			);
			path = AppLogic;
			sourceTree = "<group>";
		};
		DD9AEC3E88466B6CAB823EBD /* Frameworks */ = {
			isa = PBXGroup;
			children = (
				2D23AE9250A27589F6DCA2D9 /* Pods_Shop.framework */,
			);
			name = Frameworks;
			sourceTree = "<group>";
		};
/* End PBXGroup section */

/* Begin PBXNativeTarget section */
		DBB5EA7620EABEBC004A8D6B /* Shop */ = {
			isa = PBXNativeTarget;
			buildConfigurationList = DBB5EA9F20EABEBE004A8D6B /* Build configuration list for PBXNativeTarget "Shop" */;
			buildPhases = (
				64006791A58CDDE43CE082CE /* [CP] Check Pods Manifest.lock */,
				DBB5EA7320EABEBC004A8D6B /* Sources */,
				DBB5EA7420EABEBC004A8D6B /* Frameworks */,
				DBB5EA7520EABEBC004A8D6B /* Resources */,
				DBB5EAAE20EAC296004A8D6B /* ShellScript */,
				E55975252B0666677B5ED81C /* [CP] Embed Pods Frameworks */,
			);
			buildRules = (
			);
			dependencies = (
			);
			name = Shop;
			productName = Shop;
			productReference = DBB5EA7720EABEBC004A8D6B /* Shop.app */;
			productType = "com.apple.product-type.application";
		};
		DBB5EA8A20EABEBE004A8D6B /* ShopTests */ = {
			isa = PBXNativeTarget;
			buildConfigurationList = DBB5EAA220EABEBE004A8D6B /* Build configuration list for PBXNativeTarget "ShopTests" */;
			buildPhases = (
				DBB5EA8720EABEBE004A8D6B /* Sources */,
				DBB5EA8820EABEBE004A8D6B /* Frameworks */,
				DBB5EA8920EABEBE004A8D6B /* Resources */,
			);
			buildRules = (
			);
			dependencies = (
				DBB5EA8D20EABEBE004A8D6B /* PBXTargetDependency */,
			);
			name = ShopTests;
			productName = ShopTests;
			productReference = DBB5EA8B20EABEBE004A8D6B /* ShopTests.xctest */;
			productType = "com.apple.product-type.bundle.unit-test";
		};
		DBB5EA9520EABEBE004A8D6B /* ShopUITests */ = {
			isa = PBXNativeTarget;
			buildConfigurationList = DBB5EAA520EABEBE004A8D6B /* Build configuration list for PBXNativeTarget "ShopUITests" */;
			buildPhases = (
				DBB5EA9220EABEBE004A8D6B /* Sources */,
				DBB5EA9320EABEBE004A8D6B /* Frameworks */,
				DBB5EA9420EABEBE004A8D6B /* Resources */,
			);
			buildRules = (
			);
			dependencies = (
				DBB5EA9820EABEBE004A8D6B /* PBXTargetDependency */,
			);
			name = ShopUITests;
			productName = ShopUITests;
			productReference = DBB5EA9620EABEBE004A8D6B /* ShopUITests.xctest */;
			productType = "com.apple.product-type.bundle.ui-testing";
		};
/* End PBXNativeTarget section */

/* Begin PBXProject section */
		DBB5EA6F20EABEBC004A8D6B /* Project object */ = {
			isa = PBXProject;
			attributes = {
				LastSwiftUpdateCheck = 0940;
				LastUpgradeCheck = 0940;
				ORGANIZATIONNAME = "Laptev Sasha";
				TargetAttributes = {
					DBB5EA7620EABEBC004A8D6B = {
						CreatedOnToolsVersion = 9.4.1;
					};
					DBB5EA8A20EABEBE004A8D6B = {
						CreatedOnToolsVersion = 9.4.1;
						TestTargetID = DBB5EA7620EABEBC004A8D6B;
					};
					DBB5EA9520EABEBE004A8D6B = {
						CreatedOnToolsVersion = 9.4.1;
						TestTargetID = DBB5EA7620EABEBC004A8D6B;
					};
				};
			};
			buildConfigurationList = DBB5EA7220EABEBC004A8D6B /* Build configuration list for PBXProject "Shop" */;
			compatibilityVersion = "Xcode 9.3";
			developmentRegion = en;
			hasScannedForEncodings = 0;
			knownRegions = (
				en,
				Base,
			);
			mainGroup = DBB5EA6E20EABEBC004A8D6B;
			productRefGroup = DBB5EA7820EABEBC004A8D6B /* Products */;
			projectDirPath = "";
			projectRoot = "";
			targets = (
				DBB5EA7620EABEBC004A8D6B /* Shop */,
				DBB5EA8A20EABEBE004A8D6B /* ShopTests */,
				DBB5EA9520EABEBE004A8D6B /* ShopUITests */,
			);
		};
/* End PBXProject section */

/* Begin PBXResourcesBuildPhase section */
		DBB5EA7520EABEBC004A8D6B /* Resources */ = {
			isa = PBXResourcesBuildPhase;
			buildActionMask = 2147483647;
			files = (
				DBB5EA8520EABEBD004A8D6B /* LaunchScreen.storyboard in Resources */,
				DBB5EA8220EABEBD004A8D6B /* Assets.xcassets in Resources */,
			);
			runOnlyForDeploymentPostprocessing = 0;
		};
		DBB5EA8920EABEBE004A8D6B /* Resources */ = {
			isa = PBXResourcesBuildPhase;
			buildActionMask = 2147483647;
			files = (
			);
			runOnlyForDeploymentPostprocessing = 0;
		};
		DBB5EA9420EABEBE004A8D6B /* Resources */ = {
			isa = PBXResourcesBuildPhase;
			buildActionMask = 2147483647;
			files = (
			);
			runOnlyForDeploymentPostprocessing = 0;
		};
/* End PBXResourcesBuildPhase section */

/* Begin PBXShellScriptBuildPhase section */
		64006791A58CDDE43CE082CE /* [CP] Check Pods Manifest.lock */ = {
			isa = PBXShellScriptBuildPhase;
			buildActionMask = 2147483647;
			files = (
			);
			inputPaths = (
				"${PODS_PODFILE_DIR_PATH}/Podfile.lock",
				"${PODS_ROOT}/Manifest.lock",
			);
			name = "[CP] Check Pods Manifest.lock";
			outputPaths = (
				"$(DERIVED_FILE_DIR)/Pods-Shop-checkManifestLockResult.txt",
			);
			runOnlyForDeploymentPostprocessing = 0;
			shellPath = /bin/sh;
			shellScript = "diff \"${PODS_PODFILE_DIR_PATH}/Podfile.lock\" \"${PODS_ROOT}/Manifest.lock\" > /dev/null\nif [ $? != 0 ] ; then\n    # print error to STDERR\n    echo \"error: The sandbox is not in sync with the Podfile.lock. Run 'pod install' or update your CocoaPods installation.\" >&2\n    exit 1\nfi\n# This output is used by Xcode 'outputs' to avoid re-running this script phase.\necho \"SUCCESS\" > \"${SCRIPT_OUTPUT_FILE_0}\"\n";
			showEnvVarsInLog = 0;
		};
		DBB5EAAE20EAC296004A8D6B /* ShellScript */ = {
			isa = PBXShellScriptBuildPhase;
			buildActionMask = 2147483647;
			files = (
			);
			inputPaths = (
			);
			outputPaths = (
			);
			runOnlyForDeploymentPostprocessing = 0;
			shellPath = /bin/sh;
			shellScript = "\"${PODS_ROOT}/SwiftLint/swiftlint\"";
		};
		E55975252B0666677B5ED81C /* [CP] Embed Pods Frameworks */ = {
			isa = PBXShellScriptBuildPhase;
			buildActionMask = 2147483647;
			files = (
			);
			inputPaths = (
				"${SRCROOT}/Pods/Target Support Files/Pods-Shop/Pods-Shop-frameworks.sh",
				"${BUILT_PRODUCTS_DIR}/Alamofire/Alamofire.framework",
			);
			name = "[CP] Embed Pods Frameworks";
			outputPaths = (
				"${TARGET_BUILD_DIR}/${FRAMEWORKS_FOLDER_PATH}/Alamofire.framework",
			);
			runOnlyForDeploymentPostprocessing = 0;
			shellPath = /bin/sh;
			shellScript = "\"${SRCROOT}/Pods/Target Support Files/Pods-Shop/Pods-Shop-frameworks.sh\"\n";
			showEnvVarsInLog = 0;
		};
/* End PBXShellScriptBuildPhase section */

/* Begin PBXSourcesBuildPhase section */
		DBB5EA7320EABEBC004A8D6B /* Sources */ = {
			isa = PBXSourcesBuildPhase;
			buildActionMask = 2147483647;
			files = (
				DBB5EA7B20EABEBC004A8D6B /* AppDelegate.swift in Sources */,
			);
			runOnlyForDeploymentPostprocessing = 0;
		};
		DBB5EA8720EABEBE004A8D6B /* Sources */ = {
			isa = PBXSourcesBuildPhase;
			buildActionMask = 2147483647;
			files = (
				DBB5EA9020EABEBE004A8D6B /* ShopTests.swift in Sources */,
			);
			runOnlyForDeploymentPostprocessing = 0;
		};
		DBB5EA9220EABEBE004A8D6B /* Sources */ = {
			isa = PBXSourcesBuildPhase;
			buildActionMask = 2147483647;
			files = (
				DBB5EA9B20EABEBE004A8D6B /* ShopUITests.swift in Sources */,
			);
			runOnlyForDeploymentPostprocessing = 0;
		};
/* End PBXSourcesBuildPhase section */

/* Begin PBXTargetDependency section */
		DBB5EA8D20EABEBE004A8D6B /* PBXTargetDependency */ = {
			isa = PBXTargetDependency;
			target = DBB5EA7620EABEBC004A8D6B /* Shop */;
			targetProxy = DBB5EA8C20EABEBE004A8D6B /* PBXContainerItemProxy */;
		};
		DBB5EA9820EABEBE004A8D6B /* PBXTargetDependency */ = {
			isa = PBXTargetDependency;
			target = DBB5EA7620EABEBC004A8D6B /* Shop */;
			targetProxy = DBB5EA9720EABEBE004A8D6B /* PBXContainerItemProxy */;
		};
/* End PBXTargetDependency section */

/* Begin PBXVariantGroup section */
		DBB5EA8320EABEBD004A8D6B /* LaunchScreen.storyboard */ = {
			isa = PBXVariantGroup;
			children = (
				DBB5EA8420EABEBD004A8D6B /* Base */,
			);
			name = LaunchScreen.storyboard;
			sourceTree = "<group>";
		};
/* End PBXVariantGroup section */

/* Begin XCBuildConfiguration section */
		DBB5EA9D20EABEBE004A8D6B /* Debug */ = {
			isa = XCBuildConfiguration;
			buildSettings = {
				ALWAYS_SEARCH_USER_PATHS = NO;
				CLANG_ANALYZER_NONNULL = YES;
				CLANG_ANALYZER_NUMBER_OBJECT_CONVERSION = YES_AGGRESSIVE;
				CLANG_CXX_LANGUAGE_STANDARD = "gnu++14";
				CLANG_CXX_LIBRARY = "libc++";
				CLANG_ENABLE_MODULES = YES;
				CLANG_ENABLE_OBJC_ARC = YES;
				CLANG_ENABLE_OBJC_WEAK = YES;
				CLANG_WARN_BLOCK_CAPTURE_AUTORELEASING = YES;
				CLANG_WARN_BOOL_CONVERSION = YES;
				CLANG_WARN_COMMA = YES;
				CLANG_WARN_CONSTANT_CONVERSION = YES;
				CLANG_WARN_DEPRECATED_OBJC_IMPLEMENTATIONS = YES;
				CLANG_WARN_DIRECT_OBJC_ISA_USAGE = YES_ERROR;
				CLANG_WARN_DOCUMENTATION_COMMENTS = YES;
				CLANG_WARN_EMPTY_BODY = YES;
				CLANG_WARN_ENUM_CONVERSION = YES;
				CLANG_WARN_INFINITE_RECURSION = YES;
				CLANG_WARN_INT_CONVERSION = YES;
				CLANG_WARN_NON_LITERAL_NULL_CONVERSION = YES;
				CLANG_WARN_OBJC_IMPLICIT_RETAIN_SELF = YES;
				CLANG_WARN_OBJC_LITERAL_CONVERSION = YES;
				CLANG_WARN_OBJC_ROOT_CLASS = YES_ERROR;
				CLANG_WARN_RANGE_LOOP_ANALYSIS = YES;
				CLANG_WARN_STRICT_PROTOTYPES = YES;
				CLANG_WARN_SUSPICIOUS_MOVE = YES;
				CLANG_WARN_UNGUARDED_AVAILABILITY = YES_AGGRESSIVE;
				CLANG_WARN_UNREACHABLE_CODE = YES;
				CLANG_WARN__DUPLICATE_METHOD_MATCH = YES;
				CODE_SIGN_IDENTITY = "iPhone Developer";
				COPY_PHASE_STRIP = NO;
				DEBUG_INFORMATION_FORMAT = dwarf;
				ENABLE_STRICT_OBJC_MSGSEND = YES;
				ENABLE_TESTABILITY = YES;
				GCC_C_LANGUAGE_STANDARD = gnu11;
				GCC_DYNAMIC_NO_PIC = NO;
				GCC_NO_COMMON_BLOCKS = YES;
				GCC_OPTIMIZATION_LEVEL = 0;
				GCC_PREPROCESSOR_DEFINITIONS = (
					"DEBUG=1",
					"$(inherited)",
				);
				GCC_WARN_64_TO_32_BIT_CONVERSION = YES;
				GCC_WARN_ABOUT_RETURN_TYPE = YES_ERROR;
				GCC_WARN_UNDECLARED_SELECTOR = YES;
				GCC_WARN_UNINITIALIZED_AUTOS = YES_AGGRESSIVE;
				GCC_WARN_UNUSED_FUNCTION = YES;
				GCC_WARN_UNUSED_VARIABLE = YES;
				IPHONEOS_DEPLOYMENT_TARGET = 11.4;
				MTL_ENABLE_DEBUG_INFO = YES;
				ONLY_ACTIVE_ARCH = YES;
				SDKROOT = iphoneos;
				SWIFT_ACTIVE_COMPILATION_CONDITIONS = DEBUG;
				SWIFT_OPTIMIZATION_LEVEL = "-Onone";
			};
			name = Debug;
		};
		DBB5EA9E20EABEBE004A8D6B /* Release */ = {
			isa = XCBuildConfiguration;
			buildSettings = {
				ALWAYS_SEARCH_USER_PATHS = NO;
				CLANG_ANALYZER_NONNULL = YES;
				CLANG_ANALYZER_NUMBER_OBJECT_CONVERSION = YES_AGGRESSIVE;
				CLANG_CXX_LANGUAGE_STANDARD = "gnu++14";
				CLANG_CXX_LIBRARY = "libc++";
				CLANG_ENABLE_MODULES = YES;
				CLANG_ENABLE_OBJC_ARC = YES;
				CLANG_ENABLE_OBJC_WEAK = YES;
				CLANG_WARN_BLOCK_CAPTURE_AUTORELEASING = YES;
				CLANG_WARN_BOOL_CONVERSION = YES;
				CLANG_WARN_COMMA = YES;
				CLANG_WARN_CONSTANT_CONVERSION = YES;
				CLANG_WARN_DEPRECATED_OBJC_IMPLEMENTATIONS = YES;
				CLANG_WARN_DIRECT_OBJC_ISA_USAGE = YES_ERROR;
				CLANG_WARN_DOCUMENTATION_COMMENTS = YES;
				CLANG_WARN_EMPTY_BODY = YES;
				CLANG_WARN_ENUM_CONVERSION = YES;
				CLANG_WARN_INFINITE_RECURSION = YES;
				CLANG_WARN_INT_CONVERSION = YES;
				CLANG_WARN_NON_LITERAL_NULL_CONVERSION = YES;
				CLANG_WARN_OBJC_IMPLICIT_RETAIN_SELF = YES;
				CLANG_WARN_OBJC_LITERAL_CONVERSION = YES;
				CLANG_WARN_OBJC_ROOT_CLASS = YES_ERROR;
				CLANG_WARN_RANGE_LOOP_ANALYSIS = YES;
				CLANG_WARN_STRICT_PROTOTYPES = YES;
				CLANG_WARN_SUSPICIOUS_MOVE = YES;
				CLANG_WARN_UNGUARDED_AVAILABILITY = YES_AGGRESSIVE;
				CLANG_WARN_UNREACHABLE_CODE = YES;
				CLANG_WARN__DUPLICATE_METHOD_MATCH = YES;
				CODE_SIGN_IDENTITY = "iPhone Developer";
				COPY_PHASE_STRIP = NO;
				DEBUG_INFORMATION_FORMAT = "dwarf-with-dsym";
				ENABLE_NS_ASSERTIONS = NO;
				ENABLE_STRICT_OBJC_MSGSEND = YES;
				GCC_C_LANGUAGE_STANDARD = gnu11;
				GCC_NO_COMMON_BLOCKS = YES;
				GCC_WARN_64_TO_32_BIT_CONVERSION = YES;
				GCC_WARN_ABOUT_RETURN_TYPE = YES_ERROR;
				GCC_WARN_UNDECLARED_SELECTOR = YES;
				GCC_WARN_UNINITIALIZED_AUTOS = YES_AGGRESSIVE;
				GCC_WARN_UNUSED_FUNCTION = YES;
				GCC_WARN_UNUSED_VARIABLE = YES;
				IPHONEOS_DEPLOYMENT_TARGET = 11.4;
				MTL_ENABLE_DEBUG_INFO = NO;
				SDKROOT = iphoneos;
				SWIFT_COMPILATION_MODE = wholemodule;
				SWIFT_OPTIMIZATION_LEVEL = "-O";
				VALIDATE_PRODUCT = YES;
			};
			name = Release;
		};
		DBB5EAA020EABEBE004A8D6B /* Debug */ = {
			isa = XCBuildConfiguration;
			baseConfigurationReference = A61B9E90C9125F7C74D00C6E /* Pods-Shop.debug.xcconfig */;
			buildSettings = {
				ASSETCATALOG_COMPILER_APPICON_NAME = AppIcon;
				CODE_SIGN_STYLE = Automatic;
				DEVELOPMENT_TEAM = 5V8ZBRT5M4;
				INFOPLIST_FILE = Shop/Enviroment/Info.plist;
				LD_RUNPATH_SEARCH_PATHS = (
					"$(inherited)",
					"@executable_path/Frameworks",
				);
				PRODUCT_BUNDLE_IDENTIFIER = My.Shop;
				PRODUCT_NAME = "$(TARGET_NAME)";
				SWIFT_VERSION = 4.0;
				TARGETED_DEVICE_FAMILY = "1,2";
			};
			name = Debug;
		};
		DBB5EAA120EABEBE004A8D6B /* Release */ = {
			isa = XCBuildConfiguration;
			baseConfigurationReference = C87AA9400B470487517FD3FA /* Pods-Shop.release.xcconfig */;
			buildSettings = {
				ASSETCATALOG_COMPILER_APPICON_NAME = AppIcon;
				CODE_SIGN_STYLE = Automatic;
				DEVELOPMENT_TEAM = 5V8ZBRT5M4;
				INFOPLIST_FILE = Shop/Enviroment/Info.plist;
				LD_RUNPATH_SEARCH_PATHS = (
					"$(inherited)",
					"@executable_path/Frameworks",
				);
				PRODUCT_BUNDLE_IDENTIFIER = My.Shop;
				PRODUCT_NAME = "$(TARGET_NAME)";
				SWIFT_VERSION = 4.0;
				TARGETED_DEVICE_FAMILY = "1,2";
			};
			name = Release;
		};
		DBB5EAA320EABEBE004A8D6B /* Debug */ = {
			isa = XCBuildConfiguration;
			buildSettings = {
				ALWAYS_EMBED_SWIFT_STANDARD_LIBRARIES = YES;
				BUNDLE_LOADER = "$(TEST_HOST)";
				CODE_SIGN_STYLE = Automatic;
				DEVELOPMENT_TEAM = 5V8ZBRT5M4;
				INFOPLIST_FILE = ShopTests/Info.plist;
				LD_RUNPATH_SEARCH_PATHS = (
					"$(inherited)",
					"@executable_path/Frameworks",
					"@loader_path/Frameworks",
				);
				PRODUCT_BUNDLE_IDENTIFIER = My.ShopTests;
				PRODUCT_NAME = "$(TARGET_NAME)";
				SWIFT_VERSION = 4.0;
				TARGETED_DEVICE_FAMILY = "1,2";
				TEST_HOST = "$(BUILT_PRODUCTS_DIR)/Shop.app/Shop";
			};
			name = Debug;
		};
		DBB5EAA420EABEBE004A8D6B /* Release */ = {
			isa = XCBuildConfiguration;
			buildSettings = {
				ALWAYS_EMBED_SWIFT_STANDARD_LIBRARIES = YES;
				BUNDLE_LOADER = "$(TEST_HOST)";
				CODE_SIGN_STYLE = Automatic;
				DEVELOPMENT_TEAM = 5V8ZBRT5M4;
				INFOPLIST_FILE = ShopTests/Info.plist;
				LD_RUNPATH_SEARCH_PATHS = (
					"$(inherited)",
					"@executable_path/Frameworks",
					"@loader_path/Frameworks",
				);
				PRODUCT_BUNDLE_IDENTIFIER = My.ShopTests;
				PRODUCT_NAME = "$(TARGET_NAME)";
				SWIFT_VERSION = 4.0;
				TARGETED_DEVICE_FAMILY = "1,2";
				TEST_HOST = "$(BUILT_PRODUCTS_DIR)/Shop.app/Shop";
			};
			name = Release;
		};
		DBB5EAA620EABEBE004A8D6B /* Debug */ = {
			isa = XCBuildConfiguration;
			buildSettings = {
				ALWAYS_EMBED_SWIFT_STANDARD_LIBRARIES = YES;
				CODE_SIGN_STYLE = Automatic;
				DEVELOPMENT_TEAM = 5V8ZBRT5M4;
				INFOPLIST_FILE = ShopUITests/Info.plist;
				LD_RUNPATH_SEARCH_PATHS = (
					"$(inherited)",
					"@executable_path/Frameworks",
					"@loader_path/Frameworks",
				);
				PRODUCT_BUNDLE_IDENTIFIER = My.ShopUITests;
				PRODUCT_NAME = "$(TARGET_NAME)";
				SWIFT_VERSION = 4.0;
				TARGETED_DEVICE_FAMILY = "1,2";
				TEST_TARGET_NAME = Shop;
			};
			name = Debug;
		};
		DBB5EAA720EABEBE004A8D6B /* Release */ = {
			isa = XCBuildConfiguration;
			buildSettings = {
				ALWAYS_EMBED_SWIFT_STANDARD_LIBRARIES = YES;
				CODE_SIGN_STYLE = Automatic;
				DEVELOPMENT_TEAM = 5V8ZBRT5M4;
				INFOPLIST_FILE = ShopUITests/Info.plist;
				LD_RUNPATH_SEARCH_PATHS = (
					"$(inherited)",
					"@executable_path/Frameworks",
					"@loader_path/Frameworks",
				);
				PRODUCT_BUNDLE_IDENTIFIER = My.ShopUITests;
				PRODUCT_NAME = "$(TARGET_NAME)";
				SWIFT_VERSION = 4.0;
				TARGETED_DEVICE_FAMILY = "1,2";
				TEST_TARGET_NAME = Shop;
			};
			name = Release;
		};
/* End XCBuildConfiguration section */

/* Begin XCConfigurationList section */
		DBB5EA7220EABEBC004A8D6B /* Build configuration list for PBXProject "Shop" */ = {
			isa = XCConfigurationList;
			buildConfigurations = (
				DBB5EA9D20EABEBE004A8D6B /* Debug */,
				DBB5EA9E20EABEBE004A8D6B /* Release */,
			);
			defaultConfigurationIsVisible = 0;
			defaultConfigurationName = Release;
		};
		DBB5EA9F20EABEBE004A8D6B /* Build configuration list for PBXNativeTarget "Shop" */ = {
			isa = XCConfigurationList;
			buildConfigurations = (
				DBB5EAA020EABEBE004A8D6B /* Debug */,
				DBB5EAA120EABEBE004A8D6B /* Release */,
			);
			defaultConfigurationIsVisible = 0;
			defaultConfigurationName = Release;
		};
		DBB5EAA220EABEBE004A8D6B /* Build configuration list for PBXNativeTarget "ShopTests" */ = {
			isa = XCConfigurationList;
			buildConfigurations = (
				DBB5EAA320EABEBE004A8D6B /* Debug */,
				DBB5EAA420EABEBE004A8D6B /* Release */,
			);
			defaultConfigurationIsVisible = 0;
			defaultConfigurationName = Release;
		};
		DBB5EAA520EABEBE004A8D6B /* Build configuration list for PBXNativeTarget "ShopUITests" */ = {
			isa = XCConfigurationList;
			buildConfigurations = (
				DBB5EAA620EABEBE004A8D6B /* Debug */,
				DBB5EAA720EABEBE004A8D6B /* Release */,
			);
			defaultConfigurationIsVisible = 0;
			defaultConfigurationName = Release;
		};
/* End XCConfigurationList section */
	};
	rootObject = DBB5EA6F20EABEBC004A8D6B /* Project object */;
}
